// !$*UTF8*$!
{
	archiveVersion = 1;
	classes = {
	};
	objectVersion = 46;
	objects = {

/* Begin PBXBuildFile section */
		AC06EEA918E99ACC00D5281C /* ActionTypeViewController.m in Sources */ = {isa = PBXBuildFile; fileRef = AC06EEA818E99ACC00D5281C /* ActionTypeViewController.m */; };
		AC06EEAC18E99AE400D5281C /* ActionTimeViewController.m in Sources */ = {isa = PBXBuildFile; fileRef = AC06EEAB18E99AE400D5281C /* ActionTimeViewController.m */; };
		AC122AB61886C08F006DB770 /* icon.png in Resources */ = {isa = PBXBuildFile; fileRef = AC122AB21886C08F006DB770 /* icon.png */; };
		AC122AB71886C08F006DB770 /* mobile_logo.jpg in Resources */ = {isa = PBXBuildFile; fileRef = AC122AB31886C08F006DB770 /* mobile_logo.jpg */; };
		AC122AB81886C08F006DB770 /* qq_logo.jpg in Resources */ = {isa = PBXBuildFile; fileRef = AC122AB41886C08F006DB770 /* qq_logo.jpg */; };
		AC122AB91886C08F006DB770 /* wechat_logo.jpg in Resources */ = {isa = PBXBuildFile; fileRef = AC122AB51886C08F006DB770 /* wechat_logo.jpg */; };
		AC12F95018C1CC53000FAC58 /* AddFriendsViewController.m in Sources */ = {isa = PBXBuildFile; fileRef = AC12F94F18C1CC53000FAC58 /* AddFriendsViewController.m */; };
		AC12F95218C1DFEB000FAC58 /* l_space2.png in Resources */ = {isa = PBXBuildFile; fileRef = AC12F95118C1DFEB000FAC58 /* l_space2.png */; };
		AC12F95618C1E6E1000FAC58 /* a_star_1.png in Resources */ = {isa = PBXBuildFile; fileRef = AC12F95418C1E6E1000FAC58 /* a_star_1.png */; };
		AC12F95718C1E6E1000FAC58 /* a_star.png in Resources */ = {isa = PBXBuildFile; fileRef = AC12F95518C1E6E1000FAC58 /* a_star.png */; };
		AC12F95A18C22473000FAC58 /* MapTipView.m in Sources */ = {isa = PBXBuildFile; fileRef = AC12F95918C22473000FAC58 /* MapTipView.m */; };
		AC12F95C18C230EB000FAC58 /* a_point.png in Resources */ = {isa = PBXBuildFile; fileRef = AC12F95B18C230EB000FAC58 /* a_point.png */; };
		AC12F95E18C23269000FAC58 /* QuartzCore.framework in Frameworks */ = {isa = PBXBuildFile; fileRef = AC12F95D18C23269000FAC58 /* QuartzCore.framework */; };
		AC19F139187C391900E17D98 /* Foundation.framework in Frameworks */ = {isa = PBXBuildFile; fileRef = AC19F138187C391900E17D98 /* Foundation.framework */; };
		AC19F13B187C391900E17D98 /* CoreGraphics.framework in Frameworks */ = {isa = PBXBuildFile; fileRef = AC19F13A187C391900E17D98 /* CoreGraphics.framework */; };
		AC19F13D187C391900E17D98 /* UIKit.framework in Frameworks */ = {isa = PBXBuildFile; fileRef = AC19F13C187C391900E17D98 /* UIKit.framework */; };
		AC19F143187C391900E17D98 /* InfoPlist.strings in Resources */ = {isa = PBXBuildFile; fileRef = AC19F141187C391900E17D98 /* InfoPlist.strings */; };
		AC19F145187C391900E17D98 /* main.m in Sources */ = {isa = PBXBuildFile; fileRef = AC19F144187C391900E17D98 /* main.m */; };
		AC19F149187C391900E17D98 /* goPartyAppDelegate.m in Sources */ = {isa = PBXBuildFile; fileRef = AC19F148187C391900E17D98 /* goPartyAppDelegate.m */; };
		AC19F14F187C391900E17D98 /* goPartyViewController.m in Sources */ = {isa = PBXBuildFile; fileRef = AC19F14E187C391900E17D98 /* goPartyViewController.m */; };
		AC19F151187C391900E17D98 /* Images.xcassets in Resources */ = {isa = PBXBuildFile; fileRef = AC19F150187C391900E17D98 /* Images.xcassets */; };
		AC19F158187C391900E17D98 /* XCTest.framework in Frameworks */ = {isa = PBXBuildFile; fileRef = AC19F157187C391900E17D98 /* XCTest.framework */; };
		AC19F159187C391900E17D98 /* Foundation.framework in Frameworks */ = {isa = PBXBuildFile; fileRef = AC19F138187C391900E17D98 /* Foundation.framework */; };
		AC19F15A187C391900E17D98 /* UIKit.framework in Frameworks */ = {isa = PBXBuildFile; fileRef = AC19F13C187C391900E17D98 /* UIKit.framework */; };
		AC19F162187C391900E17D98 /* InfoPlist.strings in Resources */ = {isa = PBXBuildFile; fileRef = AC19F160187C391900E17D98 /* InfoPlist.strings */; };
		AC19F164187C391900E17D98 /* GoPartyTests.m in Sources */ = {isa = PBXBuildFile; fileRef = AC19F163187C391900E17D98 /* GoPartyTests.m */; };
		AC19F174187C3D5600E17D98 /* LoginViewController.m in Sources */ = {isa = PBXBuildFile; fileRef = AC19F173187C3D5600E17D98 /* LoginViewController.m */; };
		AC2D70C5187ED3A100A5D5C9 /* ActionViewController.m in Sources */ = {isa = PBXBuildFile; fileRef = AC2D70C4187ED3A100A5D5C9 /* ActionViewController.m */; };
		AC2D70C8187ED3F000A5D5C9 /* AddressListViewController.m in Sources */ = {isa = PBXBuildFile; fileRef = AC2D70C7187ED3F000A5D5C9 /* AddressListViewController.m */; };
		AC2D70CB187EE26400A5D5C9 /* UserInfoViewController.m in Sources */ = {isa = PBXBuildFile; fileRef = AC2D70CA187EE26400A5D5C9 /* UserInfoViewController.m */; };
		AC2D70CE187EE80B00A5D5C9 /* MainTabBarViewController.m in Sources */ = {isa = PBXBuildFile; fileRef = AC2D70CD187EE80B00A5D5C9 /* MainTabBarViewController.m */; };
		AC40063518E31DD700E1493C /* ActionMainViewController.m in Sources */ = {isa = PBXBuildFile; fileRef = AC40063418E31DD700E1493C /* ActionMainViewController.m */; };
		AC4318CB187D85A70046C7CC /* Login.storyboard in Resources */ = {isa = PBXBuildFile; fileRef = AC4318CA187D85A70046C7CC /* Login.storyboard */; };
		AC4318DB187D8D510046C7CC /* Main.storyboard in Resources */ = {isa = PBXBuildFile; fileRef = AC4318DA187D8D510046C7CC /* Main.storyboard */; };
		AC48603418BE1FAD00E3CF21 /* MainTabBarController.m in Sources */ = {isa = PBXBuildFile; fileRef = AC48603318BE1FAD00E3CF21 /* MainTabBarController.m */; };
		AC48603D18BE21BA00E3CF21 /* f_01_1.png in Resources */ = {isa = PBXBuildFile; fileRef = AC48603518BE21BA00E3CF21 /* f_01_1.png */; };
		AC48603E18BE21BA00E3CF21 /* f_01.png in Resources */ = {isa = PBXBuildFile; fileRef = AC48603618BE21BA00E3CF21 /* f_01.png */; };
		AC48603F18BE21BA00E3CF21 /* f_02_1.png in Resources */ = {isa = PBXBuildFile; fileRef = AC48603718BE21BA00E3CF21 /* f_02_1.png */; };
		AC48604018BE21BA00E3CF21 /* f_02.png in Resources */ = {isa = PBXBuildFile; fileRef = AC48603818BE21BA00E3CF21 /* f_02.png */; };
		AC48604118BE21BA00E3CF21 /* f_03_1.png in Resources */ = {isa = PBXBuildFile; fileRef = AC48603918BE21BA00E3CF21 /* f_03_1.png */; };
		AC48604218BE21BA00E3CF21 /* f_03.png in Resources */ = {isa = PBXBuildFile; fileRef = AC48603A18BE21BA00E3CF21 /* f_03.png */; };
		AC48604318BE21BA00E3CF21 /* f_04_1.png in Resources */ = {isa = PBXBuildFile; fileRef = AC48603B18BE21BA00E3CF21 /* f_04_1.png */; };
		AC48604418BE21BA00E3CF21 /* f_04.png in Resources */ = {isa = PBXBuildFile; fileRef = AC48603C18BE21BA00E3CF21 /* f_04.png */; };
		AC48604718BE2D5C00E3CF21 /* MyNaviViewController.m in Sources */ = {isa = PBXBuildFile; fileRef = AC48604618BE2D5C00E3CF21 /* MyNaviViewController.m */; };
		AC48604918BE2F0E00E3CF21 /* naviBarBg.png in Resources */ = {isa = PBXBuildFile; fileRef = AC48604818BE2F0E00E3CF21 /* naviBarBg.png */; };
		AC4BB65318A91F23004BCFCA /* f_subBg.png in Resources */ = {isa = PBXBuildFile; fileRef = AC4BB64918A91F23004BCFCA /* f_subBg.png */; };
		AC4BB65418A91F23004BCFCA /* bg_03.png in Resources */ = {isa = PBXBuildFile; fileRef = AC4BB64A18A91F23004BCFCA /* bg_03.png */; };
		AC4BB66318A91F80004BCFCA /* a_phone.png in Resources */ = {isa = PBXBuildFile; fileRef = AC4BB65E18A91F80004BCFCA /* a_phone.png */; };
		AC4BB66418A91F80004BCFCA /* a_qq.png in Resources */ = {isa = PBXBuildFile; fileRef = AC4BB65F18A91F80004BCFCA /* a_qq.png */; };
		AC4BB66518A91F80004BCFCA /* NaviReturn.png in Resources */ = {isa = PBXBuildFile; fileRef = AC4BB66018A91F80004BCFCA /* NaviReturn.png */; };
		AC4BB66618A91F80004BCFCA /* NaviReturn_1.png in Resources */ = {isa = PBXBuildFile; fileRef = AC4BB66118A91F80004BCFCA /* NaviReturn_1.png */; };
		AC4BB66718A91F80004BCFCA /* a_search.png in Resources */ = {isa = PBXBuildFile; fileRef = AC4BB66218A91F80004BCFCA /* a_search.png */; };
		AC4BB66C18A9206A004BCFCA /* l_add_1.png in Resources */ = {isa = PBXBuildFile; fileRef = AC4BB66918A9206A004BCFCA /* l_add_1.png */; };
		AC4BB66D18A9206A004BCFCA /* l_add.png in Resources */ = {isa = PBXBuildFile; fileRef = AC4BB66A18A9206A004BCFCA /* l_add.png */; };
		AC4BB66E18A9206A004BCFCA /* l_group.png in Resources */ = {isa = PBXBuildFile; fileRef = AC4BB66B18A9206A004BCFCA /* l_group.png */; };
		AC4BB67B18A92071004BCFCA /* lg_captcha.png in Resources */ = {isa = PBXBuildFile; fileRef = AC4BB67018A92071004BCFCA /* lg_captcha.png */; };
		AC4BB67C18A92071004BCFCA /* lg_login.png in Resources */ = {isa = PBXBuildFile; fileRef = AC4BB67118A92071004BCFCA /* lg_login.png */; };
		AC4BB67D18A92071004BCFCA /* lg_phone.png in Resources */ = {isa = PBXBuildFile; fileRef = AC4BB67218A92071004BCFCA /* lg_phone.png */; };
		AC4BB67E18A92071004BCFCA /* lg_phone_1.png in Resources */ = {isa = PBXBuildFile; fileRef = AC4BB67318A92071004BCFCA /* lg_phone_1.png */; };
		AC4BB67F18A92071004BCFCA /* lg_qq.png in Resources */ = {isa = PBXBuildFile; fileRef = AC4BB67418A92071004BCFCA /* lg_qq.png */; };
		AC4BB68018A92071004BCFCA /* lg_qq_1.png in Resources */ = {isa = PBXBuildFile; fileRef = AC4BB67518A92071004BCFCA /* lg_qq_1.png */; };
		AC4BB68118A92071004BCFCA /* lg_rem.png in Resources */ = {isa = PBXBuildFile; fileRef = AC4BB67618A92071004BCFCA /* lg_rem.png */; };
		AC4BB68218A92071004BCFCA /* lg_rem_1.png in Resources */ = {isa = PBXBuildFile; fileRef = AC4BB67718A92071004BCFCA /* lg_rem_1.png */; };
		AC4BB68318A92071004BCFCA /* lg_space.png in Resources */ = {isa = PBXBuildFile; fileRef = AC4BB67818A92071004BCFCA /* lg_space.png */; };
		AC4BB68418A92071004BCFCA /* lg_wx.png in Resources */ = {isa = PBXBuildFile; fileRef = AC4BB67918A92071004BCFCA /* lg_wx.png */; };
		AC4BB68518A92071004BCFCA /* lg_wx_1.png in Resources */ = {isa = PBXBuildFile; fileRef = AC4BB67A18A92071004BCFCA /* lg_wx_1.png */; };
		AC535A5118B1AD89008668F1 /* Security.framework in Frameworks */ = {isa = PBXBuildFile; fileRef = AC535A5018B1AD89008668F1 /* Security.framework */; };
		AC535A5318B1AD97008668F1 /* libiconv.dylib in Frameworks */ = {isa = PBXBuildFile; fileRef = AC535A5218B1AD97008668F1 /* libiconv.dylib */; };
		AC535A5518B1ADA7008668F1 /* SystemConfiguration.framework in Frameworks */ = {isa = PBXBuildFile; fileRef = AC535A5418B1ADA7008668F1 /* SystemConfiguration.framework */; };
		AC535A5718B1ADB6008668F1 /* libsqlite3.dylib in Frameworks */ = {isa = PBXBuildFile; fileRef = AC535A5618B1ADB6008668F1 /* libsqlite3.dylib */; };
		AC535A5918B1ADBD008668F1 /* CoreTelephony.framework in Frameworks */ = {isa = PBXBuildFile; fileRef = AC535A5818B1ADBD008668F1 /* CoreTelephony.framework */; };
		AC535A5B18B1ADC8008668F1 /* libstdc++.dylib in Frameworks */ = {isa = PBXBuildFile; fileRef = AC535A5A18B1ADC8008668F1 /* libstdc++.dylib */; };
		AC535A5D18B1ADD0008668F1 /* libz.dylib in Frameworks */ = {isa = PBXBuildFile; fileRef = AC535A5C18B1ADD0008668F1 /* libz.dylib */; };
		ACA7FB1718F9989200DCD28F /* ReceiverTextNodeBkg.png in Resources */ = {isa = PBXBuildFile; fileRef = ACA7FB0B18F9989200DCD28F /* ReceiverTextNodeBkg.png */; };
		ACA7FB1818F9989200DCD28F /* ReceiverTextNodeBkg@2x.png in Resources */ = {isa = PBXBuildFile; fileRef = ACA7FB0C18F9989200DCD28F /* ReceiverTextNodeBkg@2x.png */; };
		ACA7FB1918F9989200DCD28F /* ReceiverVoiceNodeDownloading.png in Resources */ = {isa = PBXBuildFile; fileRef = ACA7FB0D18F9989200DCD28F /* ReceiverVoiceNodeDownloading.png */; };
		ACA7FB1A18F9989200DCD28F /* ReceiverVoiceNodeDownloading@2x.png in Resources */ = {isa = PBXBuildFile; fileRef = ACA7FB0E18F9989200DCD28F /* ReceiverVoiceNodeDownloading@2x.png */; };
		ACA7FB1B18F9989200DCD28F /* ReceiverVoiceNodePlaying.png in Resources */ = {isa = PBXBuildFile; fileRef = ACA7FB0F18F9989200DCD28F /* ReceiverVoiceNodePlaying.png */; };
		ACA7FB1C18F9989200DCD28F /* ReceiverVoiceNodePlaying@2x.png in Resources */ = {isa = PBXBuildFile; fileRef = ACA7FB1018F9989200DCD28F /* ReceiverVoiceNodePlaying@2x.png */; };
		ACA7FB1D18F9989200DCD28F /* SenderAppNodeBkg_HL.png in Resources */ = {isa = PBXBuildFile; fileRef = ACA7FB1118F9989200DCD28F /* SenderAppNodeBkg_HL.png */; };
		ACA7FB1E18F9989200DCD28F /* SenderAppNodeBkg_HL@2x.png in Resources */ = {isa = PBXBuildFile; fileRef = ACA7FB1218F9989200DCD28F /* SenderAppNodeBkg_HL@2x.png */; };
		ACA7FB1F18F9989200DCD28F /* SenderVoiceNodeDownloading.png in Resources */ = {isa = PBXBuildFile; fileRef = ACA7FB1318F9989200DCD28F /* SenderVoiceNodeDownloading.png */; };
		ACA7FB2018F9989200DCD28F /* SenderVoiceNodeDownloading@2x.png in Resources */ = {isa = PBXBuildFile; fileRef = ACA7FB1418F9989200DCD28F /* SenderVoiceNodeDownloading@2x.png */; };
		ACA7FB2118F9989200DCD28F /* SenderVoiceNodePlaying.png in Resources */ = {isa = PBXBuildFile; fileRef = ACA7FB1518F9989200DCD28F /* SenderVoiceNodePlaying.png */; };
		ACA7FB2218F9989200DCD28F /* SenderVoiceNodePlaying@2x.png in Resources */ = {isa = PBXBuildFile; fileRef = ACA7FB1618F9989200DCD28F /* SenderVoiceNodePlaying@2x.png */; };
		ACA7FB2418F9A1A400DCD28F /* ToolViewBkg_Black@2x.png in Resources */ = {isa = PBXBuildFile; fileRef = ACA7FB2318F9A1A400DCD28F /* ToolViewBkg_Black@2x.png */; };
		ACA7FB2918F9A1DB00DCD28F /* ToolViewInputText@2x.png in Resources */ = {isa = PBXBuildFile; fileRef = ACA7FB2518F9A1DB00DCD28F /* ToolViewInputText@2x.png */; };
		ACA7FB2A18F9A1DB00DCD28F /* ToolViewInputTextHL@2x.png in Resources */ = {isa = PBXBuildFile; fileRef = ACA7FB2618F9A1DB00DCD28F /* ToolViewInputTextHL@2x.png */; };
		ACA7FB2B18F9A1DB00DCD28F /* ToolViewInputVoice@2x.png in Resources */ = {isa = PBXBuildFile; fileRef = ACA7FB2718F9A1DB00DCD28F /* ToolViewInputVoice@2x.png */; };
		ACA7FB2C18F9A1DB00DCD28F /* ToolViewInputVoiceHL@2x.png in Resources */ = {isa = PBXBuildFile; fileRef = ACA7FB2818F9A1DB00DCD28F /* ToolViewInputVoiceHL@2x.png */; };
		ACA7FB3118F9A24B00DCD28F /* ToolViewEmotion@2x.png in Resources */ = {isa = PBXBuildFile; fileRef = ACA7FB2D18F9A24B00DCD28F /* ToolViewEmotion@2x.png */; };
		ACA7FB3218F9A24B00DCD28F /* ToolViewEmotionHL@2x.png in Resources */ = {isa = PBXBuildFile; fileRef = ACA7FB2E18F9A24B00DCD28F /* ToolViewEmotionHL@2x.png */; };
		ACA7FB3318F9A24B00DCD28F /* TypeSelectorBtn_Black@2x.png in Resources */ = {isa = PBXBuildFile; fileRef = ACA7FB2F18F9A24B00DCD28F /* TypeSelectorBtn_Black@2x.png */; };
		ACA7FB3418F9A24B00DCD28F /* TypeSelectorBtnHL_Black@2x.png in Resources */ = {isa = PBXBuildFile; fileRef = ACA7FB3018F9A24B00DCD28F /* TypeSelectorBtnHL_Black@2x.png */; };
		ACA7FB3718F9A49600DCD28F /* WCChatSelectionView.m in Sources */ = {isa = PBXBuildFile; fileRef = ACA7FB3618F9A49600DCD28F /* WCChatSelectionView.m */; };
		ACA7FB3918F9AB2F00DCD28F /* CoreLocation.framework in Frameworks */ = {isa = PBXBuildFile; fileRef = ACA7FB3818F9AB2F00DCD28F /* CoreLocation.framework */; };
		ACBF540918F637B40006A01C /* ActionMainDetailViewController.m in Sources */ = {isa = PBXBuildFile; fileRef = ACBF540818F637B40006A01C /* ActionMainDetailViewController.m */; };
		ACBF540C18F6380B0006A01C /* ActionMainChatViewController.m in Sources */ = {isa = PBXBuildFile; fileRef = ACBF540B18F6380B0006A01C /* ActionMainChatViewController.m */; };
		ACBF540F18F6382A0006A01C /* ActionMainShareViewController.m in Sources */ = {isa = PBXBuildFile; fileRef = ACBF540E18F6382A0006A01C /* ActionMainShareViewController.m */; };
		ACE501C218E9407300DC395D /* AddActionViewController.m in Sources */ = {isa = PBXBuildFile; fileRef = ACE501C118E9407300DC395D /* AddActionViewController.m */; };
		ACE501D418E94A3000DC395D /* add.png in Resources */ = {isa = PBXBuildFile; fileRef = ACE501C418E94A3000DC395D /* add.png */; };
		ACE501D518E94A3000DC395D /* address.png in Resources */ = {isa = PBXBuildFile; fileRef = ACE501C518E94A3000DC395D /* address.png */; };
		ACE501D618E94A3000DC395D /* buttun003.png in Resources */ = {isa = PBXBuildFile; fileRef = ACE501C618E94A3000DC395D /* buttun003.png */; };
		ACE501D718E94A3000DC395D /* end_grey.png in Resources */ = {isa = PBXBuildFile; fileRef = ACE501C718E94A3000DC395D /* end_grey.png */; };
		ACE501D818E94A3000DC395D /* end.png in Resources */ = {isa = PBXBuildFile; fileRef = ACE501C818E94A3000DC395D /* end.png */; };
		ACE501D918E94A3000DC395D /* location.png in Resources */ = {isa = PBXBuildFile; fileRef = ACE501C918E94A3000DC395D /* location.png */; };
		ACE501DA18E94A3000DC395D /* people.png in Resources */ = {isa = PBXBuildFile; fileRef = ACE501CA18E94A3000DC395D /* people.png */; };
		ACE501DB18E94A3000DC395D /* phone.png in Resources */ = {isa = PBXBuildFile; fileRef = ACE501CB18E94A3000DC395D /* phone.png */; };
		ACE501DC18E94A3000DC395D /* plus3_1.png in Resources */ = {isa = PBXBuildFile; fileRef = ACE501CC18E94A3000DC395D /* plus3_1.png */; };
		ACE501DD18E94A3000DC395D /* r_arrow.png in Resources */ = {isa = PBXBuildFile; fileRef = ACE501CD18E94A3000DC395D /* r_arrow.png */; };
		ACE501DE18E94A3000DC395D /* search.png in Resources */ = {isa = PBXBuildFile; fileRef = ACE501CE18E94A3000DC395D /* search.png */; };
		ACE501DF18E94A3000DC395D /* start_grey.png in Resources */ = {isa = PBXBuildFile; fileRef = ACE501CF18E94A3000DC395D /* start_grey.png */; };
		ACE501E018E94A3000DC395D /* start.png in Resources */ = {isa = PBXBuildFile; fileRef = ACE501D018E94A3000DC395D /* start.png */; };
		ACE501E118E94A3000DC395D /* text.png in Resources */ = {isa = PBXBuildFile; fileRef = ACE501D118E94A3000DC395D /* text.png */; };
		ACE501E218E94A3000DC395D /* top_bg.png in Resources */ = {isa = PBXBuildFile; fileRef = ACE501D218E94A3000DC395D /* top_bg.png */; };
		ACE501E318E94A3000DC395D /* type.png in Resources */ = {isa = PBXBuildFile; fileRef = ACE501D318E94A3000DC395D /* type.png */; };
		ACF5851D18EA89EC000CC50C /* ATiChooseViewController.m in Sources */ = {isa = PBXBuildFile; fileRef = ACF5851C18EA89EC000CC50C /* ATiChooseViewController.m */; };
		ACF5852418EABCFE000CC50C /* ActionFriendsViewController.m in Sources */ = {isa = PBXBuildFile; fileRef = ACF5852318EABCFE000CC50C /* ActionFriendsViewController.m */; };
		CA13B55218D0AC93009209C9 /* libWeChatSDK.a in Frameworks */ = {isa = PBXBuildFile; fileRef = CA13B54F18D0AC93009209C9 /* libWeChatSDK.a */; };
		CA13B55418D0ACAF009209C9 /* TencentOpenAPI.framework in Frameworks */ = {isa = PBXBuildFile; fileRef = CA13B55318D0ACAF009209C9 /* TencentOpenAPI.framework */; };
		CA13B55618D0ACCC009209C9 /* TencentOpenApi_IOS_Bundle.bundle in Frameworks */ = {isa = PBXBuildFile; fileRef = CA13B55518D0ACCC009209C9 /* TencentOpenApi_IOS_Bundle.bundle */; };
		CA13B57018D0ADB5009209C9 /* AFHTTPClient.m in Sources */ = {isa = PBXBuildFile; fileRef = CA13B55C18D0ADB5009209C9 /* AFHTTPClient.m */; settings = {COMPILER_FLAGS = "-fno-objc-arc"; }; };
		CA13B57118D0ADB5009209C9 /* AFHTTPRequestOperation.m in Sources */ = {isa = PBXBuildFile; fileRef = CA13B55E18D0ADB5009209C9 /* AFHTTPRequestOperation.m */; settings = {COMPILER_FLAGS = "-fno-objc-arc"; }; };
		CA13B57218D0ADB5009209C9 /* AFImageRequestOperation.m in Sources */ = {isa = PBXBuildFile; fileRef = CA13B56018D0ADB5009209C9 /* AFImageRequestOperation.m */; settings = {COMPILER_FLAGS = "-fno-objc-arc"; }; };
		CA13B57318D0ADB5009209C9 /* AFJSONRequestOperation.m in Sources */ = {isa = PBXBuildFile; fileRef = CA13B56218D0ADB5009209C9 /* AFJSONRequestOperation.m */; settings = {COMPILER_FLAGS = "-fno-objc-arc"; }; };
		CA13B57418D0ADB5009209C9 /* AFJSONUtilities.m in Sources */ = {isa = PBXBuildFile; fileRef = CA13B56418D0ADB5009209C9 /* AFJSONUtilities.m */; settings = {COMPILER_FLAGS = "-fno-objc-arc"; }; };
		CA13B57518D0ADB5009209C9 /* AFNetworkActivityIndicatorManager.m in Sources */ = {isa = PBXBuildFile; fileRef = CA13B56618D0ADB5009209C9 /* AFNetworkActivityIndicatorManager.m */; settings = {COMPILER_FLAGS = "-fno-objc-arc"; }; };
		CA13B57618D0ADB5009209C9 /* AFPropertyListRequestOperation.m in Sources */ = {isa = PBXBuildFile; fileRef = CA13B56918D0ADB5009209C9 /* AFPropertyListRequestOperation.m */; settings = {COMPILER_FLAGS = "-fno-objc-arc"; }; };
		CA13B57718D0ADB5009209C9 /* AFURLConnectionOperation.m in Sources */ = {isa = PBXBuildFile; fileRef = CA13B56B18D0ADB5009209C9 /* AFURLConnectionOperation.m */; settings = {COMPILER_FLAGS = "-fno-objc-arc"; }; };
		CA13B57818D0ADB5009209C9 /* AFXMLRequestOperation.m in Sources */ = {isa = PBXBuildFile; fileRef = CA13B56D18D0ADB5009209C9 /* AFXMLRequestOperation.m */; settings = {COMPILER_FLAGS = "-fno-objc-arc"; }; };
		CA13B57918D0ADB5009209C9 /* UIImageView+AFNetworking.m in Sources */ = {isa = PBXBuildFile; fileRef = CA13B56F18D0ADB5009209C9 /* UIImageView+AFNetworking.m */; settings = {COMPILER_FLAGS = "-fno-objc-arc"; }; };
		CA13B57C18D0ADC5009209C9 /* AFGoPartyApiClient.m in Sources */ = {isa = PBXBuildFile; fileRef = CA13B57B18D0ADC5009209C9 /* AFGoPartyApiClient.m */; settings = {COMPILER_FLAGS = "-fno-objc-arc"; }; };
		CA13B58118D0ADD4009209C9 /* EventModel.m in Sources */ = {isa = PBXBuildFile; fileRef = CA13B57E18D0ADD4009209C9 /* EventModel.m */; settings = {COMPILER_FLAGS = "-fno-objc-arc"; }; };
		CA13B58218D0ADD4009209C9 /* UserModel.m in Sources */ = {isa = PBXBuildFile; fileRef = CA13B58018D0ADD4009209C9 /* UserModel.m */; settings = {COMPILER_FLAGS = "-fno-objc-arc"; }; };
		CA13B58618D0B8B1009209C9 /* GlobalTokenManager.m in Sources */ = {isa = PBXBuildFile; fileRef = CA13B58518D0B8B1009209C9 /* GlobalTokenManager.m */; settings = {COMPILER_FLAGS = "-fno-objc-arc"; }; };
		CA13B58918D0BDCC009209C9 /* ErrorModel.m in Sources */ = {isa = PBXBuildFile; fileRef = CA13B58818D0BDCC009209C9 /* ErrorModel.m */; };
		CA13B58C18D0BE94009209C9 /* EventCategory.m in Sources */ = {isa = PBXBuildFile; fileRef = CA13B58B18D0BE94009209C9 /* EventCategory.m */; };
		CA13B59018D2038B009209C9 /* Jastor.m in Sources */ = {isa = PBXBuildFile; fileRef = CA13B58F18D2038B009209C9 /* Jastor.m */; settings = {COMPILER_FLAGS = "-fno-objc-arc"; }; };
		CA13B59318D204EF009209C9 /* JastorRuntimeHelper.m in Sources */ = {isa = PBXBuildFile; fileRef = CA13B59218D204EF009209C9 /* JastorRuntimeHelper.m */; settings = {COMPILER_FLAGS = "-fno-objc-arc"; }; };
		CA13B59718D5EB6E009209C9 /* GoPartyUtilities.m in Sources */ = {isa = PBXBuildFile; fileRef = CA13B59618D5EB6E009209C9 /* GoPartyUtilities.m */; };
		CA13B59A18D60628009209C9 /* EventCategoryTests.m in Sources */ = {isa = PBXBuildFile; fileRef = CA13B59918D60628009209C9 /* EventCategoryTests.m */; };
		CA13B59D18D746CB009209C9 /* EventMessage.m in Sources */ = {isa = PBXBuildFile; fileRef = CA13B59C18D746CB009209C9 /* EventMessage.m */; };
		CA13B5A018D74A5E009209C9 /* EventQueryFilters.m in Sources */ = {isa = PBXBuildFile; fileRef = CA13B59F18D74A5E009209C9 /* EventQueryFilters.m */; };
/* End PBXBuildFile section */

/* Begin PBXContainerItemProxy section */
		AC19F15B187C391900E17D98 /* PBXContainerItemProxy */ = {
			isa = PBXContainerItemProxy;
			containerPortal = AC19F12D187C391900E17D98 /* Project object */;
			proxyType = 1;
			remoteGlobalIDString = AC19F134187C391900E17D98;
			remoteInfo = GoParty;
		};
/* End PBXContainerItemProxy section */

/* Begin PBXFileReference section */
		AC06EEA718E99ACC00D5281C /* ActionTypeViewController.h */ = {isa = PBXFileReference; fileEncoding = 4; lastKnownFileType = sourcecode.c.h; path = ActionTypeViewController.h; sourceTree = "<group>"; };
		AC06EEA818E99ACC00D5281C /* ActionTypeViewController.m */ = {isa = PBXFileReference; fileEncoding = 4; lastKnownFileType = sourcecode.c.objc; path = ActionTypeViewController.m; sourceTree = "<group>"; };
		AC06EEAA18E99AE400D5281C /* ActionTimeViewController.h */ = {isa = PBXFileReference; fileEncoding = 4; lastKnownFileType = sourcecode.c.h; path = ActionTimeViewController.h; sourceTree = "<group>"; };
		AC06EEAB18E99AE400D5281C /* ActionTimeViewController.m */ = {isa = PBXFileReference; fileEncoding = 4; lastKnownFileType = sourcecode.c.objc; path = ActionTimeViewController.m; sourceTree = "<group>"; };
		AC122AB21886C08F006DB770 /* icon.png */ = {isa = PBXFileReference; lastKnownFileType = image.png; name = icon.png; path = image/icon.png; sourceTree = SOURCE_ROOT; };
		AC122AB31886C08F006DB770 /* mobile_logo.jpg */ = {isa = PBXFileReference; lastKnownFileType = image.jpeg; name = mobile_logo.jpg; path = image/mobile_logo.jpg; sourceTree = SOURCE_ROOT; };
		AC122AB41886C08F006DB770 /* qq_logo.jpg */ = {isa = PBXFileReference; lastKnownFileType = image.jpeg; name = qq_logo.jpg; path = image/qq_logo.jpg; sourceTree = SOURCE_ROOT; };
		AC122AB51886C08F006DB770 /* wechat_logo.jpg */ = {isa = PBXFileReference; lastKnownFileType = image.jpeg; name = wechat_logo.jpg; path = image/wechat_logo.jpg; sourceTree = SOURCE_ROOT; };
		AC12F94E18C1CC53000FAC58 /* AddFriendsViewController.h */ = {isa = PBXFileReference; fileEncoding = 4; lastKnownFileType = sourcecode.c.h; path = AddFriendsViewController.h; sourceTree = "<group>"; };
		AC12F94F18C1CC53000FAC58 /* AddFriendsViewController.m */ = {isa = PBXFileReference; fileEncoding = 4; lastKnownFileType = sourcecode.c.objc; path = AddFriendsViewController.m; sourceTree = "<group>"; };
		AC12F95118C1DFEB000FAC58 /* l_space2.png */ = {isa = PBXFileReference; lastKnownFileType = image.png; path = l_space2.png; sourceTree = "<group>"; };
		AC12F95418C1E6E1000FAC58 /* a_star_1.png */ = {isa = PBXFileReference; lastKnownFileType = image.png; name = a_star_1.png; path = image/action/a_star_1.png; sourceTree = SOURCE_ROOT; };
		AC12F95518C1E6E1000FAC58 /* a_star.png */ = {isa = PBXFileReference; lastKnownFileType = image.png; name = a_star.png; path = image/action/a_star.png; sourceTree = SOURCE_ROOT; };
		AC12F95818C22473000FAC58 /* MapTipView.h */ = {isa = PBXFileReference; fileEncoding = 4; lastKnownFileType = sourcecode.c.h; path = MapTipView.h; sourceTree = "<group>"; };
		AC12F95918C22473000FAC58 /* MapTipView.m */ = {isa = PBXFileReference; fileEncoding = 4; lastKnownFileType = sourcecode.c.objc; path = MapTipView.m; sourceTree = "<group>"; };
		AC12F95B18C230EB000FAC58 /* a_point.png */ = {isa = PBXFileReference; lastKnownFileType = image.png; name = a_point.png; path = image/action/a_point.png; sourceTree = SOURCE_ROOT; };
		AC12F95D18C23269000FAC58 /* QuartzCore.framework */ = {isa = PBXFileReference; lastKnownFileType = wrapper.framework; name = QuartzCore.framework; path = System/Library/Frameworks/QuartzCore.framework; sourceTree = SDKROOT; };
		AC19F135187C391900E17D98 /* GoParty.app */ = {isa = PBXFileReference; explicitFileType = wrapper.application; includeInIndex = 0; path = GoParty.app; sourceTree = BUILT_PRODUCTS_DIR; };
		AC19F138187C391900E17D98 /* Foundation.framework */ = {isa = PBXFileReference; lastKnownFileType = wrapper.framework; name = Foundation.framework; path = System/Library/Frameworks/Foundation.framework; sourceTree = SDKROOT; };
		AC19F13A187C391900E17D98 /* CoreGraphics.framework */ = {isa = PBXFileReference; lastKnownFileType = wrapper.framework; name = CoreGraphics.framework; path = System/Library/Frameworks/CoreGraphics.framework; sourceTree = SDKROOT; };
		AC19F13C187C391900E17D98 /* UIKit.framework */ = {isa = PBXFileReference; lastKnownFileType = wrapper.framework; name = UIKit.framework; path = System/Library/Frameworks/UIKit.framework; sourceTree = SDKROOT; };
		AC19F140187C391900E17D98 /* GoParty-Info.plist */ = {isa = PBXFileReference; lastKnownFileType = text.plist.xml; path = "GoParty-Info.plist"; sourceTree = "<group>"; };
		AC19F142187C391900E17D98 /* en */ = {isa = PBXFileReference; lastKnownFileType = text.plist.strings; name = en; path = en.lproj/InfoPlist.strings; sourceTree = "<group>"; };
		AC19F144187C391900E17D98 /* main.m */ = {isa = PBXFileReference; lastKnownFileType = sourcecode.c.objc; path = main.m; sourceTree = "<group>"; };
		AC19F146187C391900E17D98 /* GoParty-Prefix.pch */ = {isa = PBXFileReference; lastKnownFileType = sourcecode.c.h; path = "GoParty-Prefix.pch"; sourceTree = "<group>"; };
		AC19F147187C391900E17D98 /* goPartyAppDelegate.h */ = {isa = PBXFileReference; lastKnownFileType = sourcecode.c.h; path = goPartyAppDelegate.h; sourceTree = "<group>"; };
		AC19F148187C391900E17D98 /* goPartyAppDelegate.m */ = {isa = PBXFileReference; lastKnownFileType = sourcecode.c.objc; path = goPartyAppDelegate.m; sourceTree = "<group>"; };
		AC19F14D187C391900E17D98 /* goPartyViewController.h */ = {isa = PBXFileReference; lastKnownFileType = sourcecode.c.h; path = goPartyViewController.h; sourceTree = "<group>"; };
		AC19F14E187C391900E17D98 /* goPartyViewController.m */ = {isa = PBXFileReference; lastKnownFileType = sourcecode.c.objc; path = goPartyViewController.m; sourceTree = "<group>"; };
		AC19F150187C391900E17D98 /* Images.xcassets */ = {isa = PBXFileReference; lastKnownFileType = folder.assetcatalog; path = Images.xcassets; sourceTree = "<group>"; };
		AC19F156187C391900E17D98 /* GoPartyTests.xctest */ = {isa = PBXFileReference; explicitFileType = wrapper.cfbundle; includeInIndex = 0; path = GoPartyTests.xctest; sourceTree = BUILT_PRODUCTS_DIR; };
		AC19F157187C391900E17D98 /* XCTest.framework */ = {isa = PBXFileReference; lastKnownFileType = wrapper.framework; name = XCTest.framework; path = Library/Frameworks/XCTest.framework; sourceTree = DEVELOPER_DIR; };
		AC19F15F187C391900E17D98 /* GoPartyTests-Info.plist */ = {isa = PBXFileReference; lastKnownFileType = text.plist.xml; path = "GoPartyTests-Info.plist"; sourceTree = "<group>"; };
		AC19F161187C391900E17D98 /* en */ = {isa = PBXFileReference; lastKnownFileType = text.plist.strings; name = en; path = en.lproj/InfoPlist.strings; sourceTree = "<group>"; };
		AC19F163187C391900E17D98 /* GoPartyTests.m */ = {isa = PBXFileReference; lastKnownFileType = sourcecode.c.objc; path = GoPartyTests.m; sourceTree = "<group>"; };
		AC19F172187C3D5600E17D98 /* LoginViewController.h */ = {isa = PBXFileReference; fileEncoding = 4; lastKnownFileType = sourcecode.c.h; path = LoginViewController.h; sourceTree = "<group>"; };
		AC19F173187C3D5600E17D98 /* LoginViewController.m */ = {isa = PBXFileReference; fileEncoding = 4; lastKnownFileType = sourcecode.c.objc; path = LoginViewController.m; sourceTree = "<group>"; };
		AC2D70C3187ED3A100A5D5C9 /* ActionViewController.h */ = {isa = PBXFileReference; fileEncoding = 4; lastKnownFileType = sourcecode.c.h; path = ActionViewController.h; sourceTree = "<group>"; };
		AC2D70C4187ED3A100A5D5C9 /* ActionViewController.m */ = {isa = PBXFileReference; fileEncoding = 4; lastKnownFileType = sourcecode.c.objc; path = ActionViewController.m; sourceTree = "<group>"; };
		AC2D70C6187ED3F000A5D5C9 /* AddressListViewController.h */ = {isa = PBXFileReference; fileEncoding = 4; lastKnownFileType = sourcecode.c.h; path = AddressListViewController.h; sourceTree = "<group>"; };
		AC2D70C7187ED3F000A5D5C9 /* AddressListViewController.m */ = {isa = PBXFileReference; fileEncoding = 4; lastKnownFileType = sourcecode.c.objc; path = AddressListViewController.m; sourceTree = "<group>"; };
		AC2D70C9187EE26400A5D5C9 /* UserInfoViewController.h */ = {isa = PBXFileReference; fileEncoding = 4; lastKnownFileType = sourcecode.c.h; path = UserInfoViewController.h; sourceTree = "<group>"; };
		AC2D70CA187EE26400A5D5C9 /* UserInfoViewController.m */ = {isa = PBXFileReference; fileEncoding = 4; lastKnownFileType = sourcecode.c.objc; path = UserInfoViewController.m; sourceTree = "<group>"; };
		AC2D70CC187EE80B00A5D5C9 /* MainTabBarViewController.h */ = {isa = PBXFileReference; fileEncoding = 4; lastKnownFileType = sourcecode.c.h; path = MainTabBarViewController.h; sourceTree = "<group>"; };
		AC2D70CD187EE80B00A5D5C9 /* MainTabBarViewController.m */ = {isa = PBXFileReference; fileEncoding = 4; lastKnownFileType = sourcecode.c.objc; path = MainTabBarViewController.m; sourceTree = "<group>"; };
		AC40063318E31DD700E1493C /* ActionMainViewController.h */ = {isa = PBXFileReference; fileEncoding = 4; lastKnownFileType = sourcecode.c.h; path = ActionMainViewController.h; sourceTree = "<group>"; };
		AC40063418E31DD700E1493C /* ActionMainViewController.m */ = {isa = PBXFileReference; fileEncoding = 4; lastKnownFileType = sourcecode.c.objc; path = ActionMainViewController.m; sourceTree = "<group>"; };
		AC4318CA187D85A70046C7CC /* Login.storyboard */ = {isa = PBXFileReference; fileEncoding = 4; lastKnownFileType = file.storyboard; path = Login.storyboard; sourceTree = "<group>"; };
		AC4318DA187D8D510046C7CC /* Main.storyboard */ = {isa = PBXFileReference; fileEncoding = 4; lastKnownFileType = file.storyboard; path = Main.storyboard; sourceTree = "<group>"; };
		AC48603218BE1FAD00E3CF21 /* MainTabBarController.h */ = {isa = PBXFileReference; fileEncoding = 4; lastKnownFileType = sourcecode.c.h; path = MainTabBarController.h; sourceTree = "<group>"; };
		AC48603318BE1FAD00E3CF21 /* MainTabBarController.m */ = {isa = PBXFileReference; fileEncoding = 4; lastKnownFileType = sourcecode.c.objc; path = MainTabBarController.m; sourceTree = "<group>"; };
		AC48603518BE21BA00E3CF21 /* f_01_1.png */ = {isa = PBXFileReference; lastKnownFileType = image.png; path = f_01_1.png; sourceTree = "<group>"; };
		AC48603618BE21BA00E3CF21 /* f_01.png */ = {isa = PBXFileReference; lastKnownFileType = image.png; path = f_01.png; sourceTree = "<group>"; };
		AC48603718BE21BA00E3CF21 /* f_02_1.png */ = {isa = PBXFileReference; lastKnownFileType = image.png; path = f_02_1.png; sourceTree = "<group>"; };
		AC48603818BE21BA00E3CF21 /* f_02.png */ = {isa = PBXFileReference; lastKnownFileType = image.png; path = f_02.png; sourceTree = "<group>"; };
		AC48603918BE21BA00E3CF21 /* f_03_1.png */ = {isa = PBXFileReference; lastKnownFileType = image.png; path = f_03_1.png; sourceTree = "<group>"; };
		AC48603A18BE21BA00E3CF21 /* f_03.png */ = {isa = PBXFileReference; lastKnownFileType = image.png; path = f_03.png; sourceTree = "<group>"; };
		AC48603B18BE21BA00E3CF21 /* f_04_1.png */ = {isa = PBXFileReference; lastKnownFileType = image.png; path = f_04_1.png; sourceTree = "<group>"; };
		AC48603C18BE21BA00E3CF21 /* f_04.png */ = {isa = PBXFileReference; lastKnownFileType = image.png; path = f_04.png; sourceTree = "<group>"; };
		AC48604518BE2D5C00E3CF21 /* MyNaviViewController.h */ = {isa = PBXFileReference; fileEncoding = 4; lastKnownFileType = sourcecode.c.h; path = MyNaviViewController.h; sourceTree = "<group>"; };
		AC48604618BE2D5C00E3CF21 /* MyNaviViewController.m */ = {isa = PBXFileReference; fileEncoding = 4; lastKnownFileType = sourcecode.c.objc; path = MyNaviViewController.m; sourceTree = "<group>"; };
		AC48604818BE2F0E00E3CF21 /* naviBarBg.png */ = {isa = PBXFileReference; lastKnownFileType = image.png; name = naviBarBg.png; path = image/naviBarBg.png; sourceTree = SOURCE_ROOT; };
		AC4BB64918A91F23004BCFCA /* f_subBg.png */ = {isa = PBXFileReference; lastKnownFileType = image.png; path = f_subBg.png; sourceTree = "<group>"; };
		AC4BB64A18A91F23004BCFCA /* bg_03.png */ = {isa = PBXFileReference; lastKnownFileType = image.png; path = bg_03.png; sourceTree = "<group>"; };
		AC4BB65E18A91F80004BCFCA /* a_phone.png */ = {isa = PBXFileReference; lastKnownFileType = image.png; path = a_phone.png; sourceTree = "<group>"; };
		AC4BB65F18A91F80004BCFCA /* a_qq.png */ = {isa = PBXFileReference; lastKnownFileType = image.png; path = a_qq.png; sourceTree = "<group>"; };
		AC4BB66018A91F80004BCFCA /* NaviReturn.png */ = {isa = PBXFileReference; lastKnownFileType = image.png; name = NaviReturn.png; path = ../image/add/NaviReturn.png; sourceTree = "<group>"; };
		AC4BB66118A91F80004BCFCA /* NaviReturn_1.png */ = {isa = PBXFileReference; lastKnownFileType = image.png; name = NaviReturn_1.png; path = ../image/add/NaviReturn_1.png; sourceTree = "<group>"; };
		AC4BB66218A91F80004BCFCA /* a_search.png */ = {isa = PBXFileReference; lastKnownFileType = image.png; path = a_search.png; sourceTree = "<group>"; };
		AC4BB66918A9206A004BCFCA /* l_add_1.png */ = {isa = PBXFileReference; lastKnownFileType = image.png; path = l_add_1.png; sourceTree = "<group>"; };
		AC4BB66A18A9206A004BCFCA /* l_add.png */ = {isa = PBXFileReference; lastKnownFileType = image.png; path = l_add.png; sourceTree = "<group>"; };
		AC4BB66B18A9206A004BCFCA /* l_group.png */ = {isa = PBXFileReference; lastKnownFileType = image.png; path = l_group.png; sourceTree = "<group>"; };
		AC4BB67018A92071004BCFCA /* lg_captcha.png */ = {isa = PBXFileReference; lastKnownFileType = image.png; path = lg_captcha.png; sourceTree = "<group>"; };
		AC4BB67118A92071004BCFCA /* lg_login.png */ = {isa = PBXFileReference; lastKnownFileType = image.png; path = lg_login.png; sourceTree = "<group>"; };
		AC4BB67218A92071004BCFCA /* lg_phone.png */ = {isa = PBXFileReference; lastKnownFileType = image.png; path = lg_phone.png; sourceTree = "<group>"; };
		AC4BB67318A92071004BCFCA /* lg_phone_1.png */ = {isa = PBXFileReference; lastKnownFileType = image.png; path = lg_phone_1.png; sourceTree = "<group>"; };
		AC4BB67418A92071004BCFCA /* lg_qq.png */ = {isa = PBXFileReference; lastKnownFileType = image.png; path = lg_qq.png; sourceTree = "<group>"; };
		AC4BB67518A92071004BCFCA /* lg_qq_1.png */ = {isa = PBXFileReference; lastKnownFileType = image.png; path = lg_qq_1.png; sourceTree = "<group>"; };
		AC4BB67618A92071004BCFCA /* lg_rem.png */ = {isa = PBXFileReference; lastKnownFileType = image.png; path = lg_rem.png; sourceTree = "<group>"; };
		AC4BB67718A92071004BCFCA /* lg_rem_1.png */ = {isa = PBXFileReference; lastKnownFileType = image.png; path = lg_rem_1.png; sourceTree = "<group>"; };
		AC4BB67818A92071004BCFCA /* lg_space.png */ = {isa = PBXFileReference; lastKnownFileType = image.png; path = lg_space.png; sourceTree = "<group>"; };
		AC4BB67918A92071004BCFCA /* lg_wx.png */ = {isa = PBXFileReference; lastKnownFileType = image.png; path = lg_wx.png; sourceTree = "<group>"; };
		AC4BB67A18A92071004BCFCA /* lg_wx_1.png */ = {isa = PBXFileReference; lastKnownFileType = image.png; path = lg_wx_1.png; sourceTree = "<group>"; };
		AC535A5018B1AD89008668F1 /* Security.framework */ = {isa = PBXFileReference; lastKnownFileType = wrapper.framework; name = Security.framework; path = System/Library/Frameworks/Security.framework; sourceTree = SDKROOT; };
		AC535A5218B1AD97008668F1 /* libiconv.dylib */ = {isa = PBXFileReference; lastKnownFileType = "compiled.mach-o.dylib"; name = libiconv.dylib; path = usr/lib/libiconv.dylib; sourceTree = SDKROOT; };
		AC535A5418B1ADA7008668F1 /* SystemConfiguration.framework */ = {isa = PBXFileReference; lastKnownFileType = wrapper.framework; name = SystemConfiguration.framework; path = System/Library/Frameworks/SystemConfiguration.framework; sourceTree = SDKROOT; };
		AC535A5618B1ADB6008668F1 /* libsqlite3.dylib */ = {isa = PBXFileReference; lastKnownFileType = "compiled.mach-o.dylib"; name = libsqlite3.dylib; path = usr/lib/libsqlite3.dylib; sourceTree = SDKROOT; };
		AC535A5818B1ADBD008668F1 /* CoreTelephony.framework */ = {isa = PBXFileReference; lastKnownFileType = wrapper.framework; name = CoreTelephony.framework; path = System/Library/Frameworks/CoreTelephony.framework; sourceTree = SDKROOT; };
		AC535A5A18B1ADC8008668F1 /* libstdc++.dylib */ = {isa = PBXFileReference; lastKnownFileType = "compiled.mach-o.dylib"; name = "libstdc++.dylib"; path = "usr/lib/libstdc++.dylib"; sourceTree = SDKROOT; };
		AC535A5C18B1ADD0008668F1 /* libz.dylib */ = {isa = PBXFileReference; lastKnownFileType = "compiled.mach-o.dylib"; name = libz.dylib; path = usr/lib/libz.dylib; sourceTree = SDKROOT; };
		ACA7FB0B18F9989200DCD28F /* ReceiverTextNodeBkg.png */ = {isa = PBXFileReference; lastKnownFileType = image.png; name = ReceiverTextNodeBkg.png; path = image/chat/ReceiverTextNodeBkg.png; sourceTree = SOURCE_ROOT; };
		ACA7FB0C18F9989200DCD28F /* ReceiverTextNodeBkg@2x.png */ = {isa = PBXFileReference; lastKnownFileType = image.png; name = "ReceiverTextNodeBkg@2x.png"; path = "image/chat/ReceiverTextNodeBkg@2x.png"; sourceTree = SOURCE_ROOT; };
		ACA7FB0D18F9989200DCD28F /* ReceiverVoiceNodeDownloading.png */ = {isa = PBXFileReference; lastKnownFileType = image.png; name = ReceiverVoiceNodeDownloading.png; path = image/chat/ReceiverVoiceNodeDownloading.png; sourceTree = SOURCE_ROOT; };
		ACA7FB0E18F9989200DCD28F /* ReceiverVoiceNodeDownloading@2x.png */ = {isa = PBXFileReference; lastKnownFileType = image.png; name = "ReceiverVoiceNodeDownloading@2x.png"; path = "image/chat/ReceiverVoiceNodeDownloading@2x.png"; sourceTree = SOURCE_ROOT; };
		ACA7FB0F18F9989200DCD28F /* ReceiverVoiceNodePlaying.png */ = {isa = PBXFileReference; lastKnownFileType = image.png; name = ReceiverVoiceNodePlaying.png; path = image/chat/ReceiverVoiceNodePlaying.png; sourceTree = SOURCE_ROOT; };
		ACA7FB1018F9989200DCD28F /* ReceiverVoiceNodePlaying@2x.png */ = {isa = PBXFileReference; lastKnownFileType = image.png; name = "ReceiverVoiceNodePlaying@2x.png"; path = "image/chat/ReceiverVoiceNodePlaying@2x.png"; sourceTree = SOURCE_ROOT; };
		ACA7FB1118F9989200DCD28F /* SenderAppNodeBkg_HL.png */ = {isa = PBXFileReference; lastKnownFileType = image.png; name = SenderAppNodeBkg_HL.png; path = image/chat/SenderAppNodeBkg_HL.png; sourceTree = SOURCE_ROOT; };
		ACA7FB1218F9989200DCD28F /* SenderAppNodeBkg_HL@2x.png */ = {isa = PBXFileReference; lastKnownFileType = image.png; name = "SenderAppNodeBkg_HL@2x.png"; path = "image/chat/SenderAppNodeBkg_HL@2x.png"; sourceTree = SOURCE_ROOT; };
		ACA7FB1318F9989200DCD28F /* SenderVoiceNodeDownloading.png */ = {isa = PBXFileReference; lastKnownFileType = image.png; name = SenderVoiceNodeDownloading.png; path = image/chat/SenderVoiceNodeDownloading.png; sourceTree = SOURCE_ROOT; };
		ACA7FB1418F9989200DCD28F /* SenderVoiceNodeDownloading@2x.png */ = {isa = PBXFileReference; lastKnownFileType = image.png; name = "SenderVoiceNodeDownloading@2x.png"; path = "image/chat/SenderVoiceNodeDownloading@2x.png"; sourceTree = SOURCE_ROOT; };
		ACA7FB1518F9989200DCD28F /* SenderVoiceNodePlaying.png */ = {isa = PBXFileReference; lastKnownFileType = image.png; name = SenderVoiceNodePlaying.png; path = image/chat/SenderVoiceNodePlaying.png; sourceTree = SOURCE_ROOT; };
		ACA7FB1618F9989200DCD28F /* SenderVoiceNodePlaying@2x.png */ = {isa = PBXFileReference; lastKnownFileType = image.png; name = "SenderVoiceNodePlaying@2x.png"; path = "image/chat/SenderVoiceNodePlaying@2x.png"; sourceTree = SOURCE_ROOT; };
		ACA7FB2318F9A1A400DCD28F /* ToolViewBkg_Black@2x.png */ = {isa = PBXFileReference; lastKnownFileType = image.png; name = "ToolViewBkg_Black@2x.png"; path = "image/chat/ToolViewBkg_Black@2x.png"; sourceTree = SOURCE_ROOT; };
		ACA7FB2518F9A1DB00DCD28F /* ToolViewInputText@2x.png */ = {isa = PBXFileReference; lastKnownFileType = image.png; name = "ToolViewInputText@2x.png"; path = "image/chat/ToolViewInputText@2x.png"; sourceTree = SOURCE_ROOT; };
		ACA7FB2618F9A1DB00DCD28F /* ToolViewInputTextHL@2x.png */ = {isa = PBXFileReference; lastKnownFileType = image.png; name = "ToolViewInputTextHL@2x.png"; path = "image/chat/ToolViewInputTextHL@2x.png"; sourceTree = SOURCE_ROOT; };
		ACA7FB2718F9A1DB00DCD28F /* ToolViewInputVoice@2x.png */ = {isa = PBXFileReference; lastKnownFileType = image.png; name = "ToolViewInputVoice@2x.png"; path = "image/chat/ToolViewInputVoice@2x.png"; sourceTree = SOURCE_ROOT; };
		ACA7FB2818F9A1DB00DCD28F /* ToolViewInputVoiceHL@2x.png */ = {isa = PBXFileReference; lastKnownFileType = image.png; name = "ToolViewInputVoiceHL@2x.png"; path = "image/chat/ToolViewInputVoiceHL@2x.png"; sourceTree = SOURCE_ROOT; };
		ACA7FB2D18F9A24B00DCD28F /* ToolViewEmotion@2x.png */ = {isa = PBXFileReference; lastKnownFileType = image.png; name = "ToolViewEmotion@2x.png"; path = "image/chat/ToolViewEmotion@2x.png"; sourceTree = SOURCE_ROOT; };
		ACA7FB2E18F9A24B00DCD28F /* ToolViewEmotionHL@2x.png */ = {isa = PBXFileReference; lastKnownFileType = image.png; name = "ToolViewEmotionHL@2x.png"; path = "image/chat/ToolViewEmotionHL@2x.png"; sourceTree = SOURCE_ROOT; };
		ACA7FB2F18F9A24B00DCD28F /* TypeSelectorBtn_Black@2x.png */ = {isa = PBXFileReference; lastKnownFileType = image.png; name = "TypeSelectorBtn_Black@2x.png"; path = "image/chat/TypeSelectorBtn_Black@2x.png"; sourceTree = SOURCE_ROOT; };
		ACA7FB3018F9A24B00DCD28F /* TypeSelectorBtnHL_Black@2x.png */ = {isa = PBXFileReference; lastKnownFileType = image.png; name = "TypeSelectorBtnHL_Black@2x.png"; path = "image/chat/TypeSelectorBtnHL_Black@2x.png"; sourceTree = SOURCE_ROOT; };
		ACA7FB3518F9A49600DCD28F /* WCChatSelectionView.h */ = {isa = PBXFileReference; fileEncoding = 4; lastKnownFileType = sourcecode.c.h; path = WCChatSelectionView.h; sourceTree = "<group>"; };
		ACA7FB3618F9A49600DCD28F /* WCChatSelectionView.m */ = {isa = PBXFileReference; fileEncoding = 4; lastKnownFileType = sourcecode.c.objc; path = WCChatSelectionView.m; sourceTree = "<group>"; };
		ACA7FB3818F9AB2F00DCD28F /* CoreLocation.framework */ = {isa = PBXFileReference; lastKnownFileType = wrapper.framework; name = CoreLocation.framework; path = System/Library/Frameworks/CoreLocation.framework; sourceTree = SDKROOT; };
		ACBF540718F637B40006A01C /* ActionMainDetailViewController.h */ = {isa = PBXFileReference; fileEncoding = 4; lastKnownFileType = sourcecode.c.h; path = ActionMainDetailViewController.h; sourceTree = "<group>"; };
		ACBF540818F637B40006A01C /* ActionMainDetailViewController.m */ = {isa = PBXFileReference; fileEncoding = 4; lastKnownFileType = sourcecode.c.objc; path = ActionMainDetailViewController.m; sourceTree = "<group>"; };
		ACBF540A18F6380B0006A01C /* ActionMainChatViewController.h */ = {isa = PBXFileReference; fileEncoding = 4; lastKnownFileType = sourcecode.c.h; path = ActionMainChatViewController.h; sourceTree = "<group>"; };
		ACBF540B18F6380B0006A01C /* ActionMainChatViewController.m */ = {isa = PBXFileReference; fileEncoding = 4; lastKnownFileType = sourcecode.c.objc; path = ActionMainChatViewController.m; sourceTree = "<group>"; };
		ACBF540D18F6382A0006A01C /* ActionMainShareViewController.h */ = {isa = PBXFileReference; fileEncoding = 4; lastKnownFileType = sourcecode.c.h; path = ActionMainShareViewController.h; sourceTree = "<group>"; };
		ACBF540E18F6382A0006A01C /* ActionMainShareViewController.m */ = {isa = PBXFileReference; fileEncoding = 4; lastKnownFileType = sourcecode.c.objc; path = ActionMainShareViewController.m; sourceTree = "<group>"; };
		ACE501C018E9407300DC395D /* AddActionViewController.h */ = {isa = PBXFileReference; fileEncoding = 4; lastKnownFileType = sourcecode.c.h; path = AddActionViewController.h; sourceTree = "<group>"; };
		ACE501C118E9407300DC395D /* AddActionViewController.m */ = {isa = PBXFileReference; fileEncoding = 4; lastKnownFileType = sourcecode.c.objc; path = AddActionViewController.m; sourceTree = "<group>"; };
		ACE501C418E94A3000DC395D /* add.png */ = {isa = PBXFileReference; lastKnownFileType = image.png; name = add.png; path = image/version6/add.png; sourceTree = SOURCE_ROOT; };
		ACE501C518E94A3000DC395D /* address.png */ = {isa = PBXFileReference; lastKnownFileType = image.png; name = address.png; path = image/version6/address.png; sourceTree = SOURCE_ROOT; };
		ACE501C618E94A3000DC395D /* buttun003.png */ = {isa = PBXFileReference; lastKnownFileType = image.png; name = buttun003.png; path = image/version6/buttun003.png; sourceTree = SOURCE_ROOT; };
		ACE501C718E94A3000DC395D /* end_grey.png */ = {isa = PBXFileReference; lastKnownFileType = image.png; name = end_grey.png; path = image/version6/end_grey.png; sourceTree = SOURCE_ROOT; };
		ACE501C818E94A3000DC395D /* end.png */ = {isa = PBXFileReference; lastKnownFileType = image.png; name = end.png; path = image/version6/end.png; sourceTree = SOURCE_ROOT; };
		ACE501C918E94A3000DC395D /* location.png */ = {isa = PBXFileReference; lastKnownFileType = image.png; name = location.png; path = image/version6/location.png; sourceTree = SOURCE_ROOT; };
		ACE501CA18E94A3000DC395D /* people.png */ = {isa = PBXFileReference; lastKnownFileType = image.png; name = people.png; path = image/version6/people.png; sourceTree = SOURCE_ROOT; };
		ACE501CB18E94A3000DC395D /* phone.png */ = {isa = PBXFileReference; lastKnownFileType = image.png; name = phone.png; path = image/version6/phone.png; sourceTree = SOURCE_ROOT; };
		ACE501CC18E94A3000DC395D /* plus3_1.png */ = {isa = PBXFileReference; lastKnownFileType = image.png; name = plus3_1.png; path = image/version6/plus3_1.png; sourceTree = SOURCE_ROOT; };
		ACE501CD18E94A3000DC395D /* r_arrow.png */ = {isa = PBXFileReference; lastKnownFileType = image.png; name = r_arrow.png; path = image/version6/r_arrow.png; sourceTree = SOURCE_ROOT; };
		ACE501CE18E94A3000DC395D /* search.png */ = {isa = PBXFileReference; lastKnownFileType = image.png; name = search.png; path = image/version6/search.png; sourceTree = SOURCE_ROOT; };
		ACE501CF18E94A3000DC395D /* start_grey.png */ = {isa = PBXFileReference; lastKnownFileType = image.png; name = start_grey.png; path = image/version6/start_grey.png; sourceTree = SOURCE_ROOT; };
		ACE501D018E94A3000DC395D /* start.png */ = {isa = PBXFileReference; lastKnownFileType = image.png; name = start.png; path = image/version6/start.png; sourceTree = SOURCE_ROOT; };
		ACE501D118E94A3000DC395D /* text.png */ = {isa = PBXFileReference; lastKnownFileType = image.png; name = text.png; path = image/version6/text.png; sourceTree = SOURCE_ROOT; };
		ACE501D218E94A3000DC395D /* top_bg.png */ = {isa = PBXFileReference; lastKnownFileType = image.png; name = top_bg.png; path = image/version6/top_bg.png; sourceTree = SOURCE_ROOT; };
		ACE501D318E94A3000DC395D /* type.png */ = {isa = PBXFileReference; lastKnownFileType = image.png; name = type.png; path = image/version6/type.png; sourceTree = SOURCE_ROOT; };
		ACF5851B18EA89EC000CC50C /* ATiChooseViewController.h */ = {isa = PBXFileReference; fileEncoding = 4; lastKnownFileType = sourcecode.c.h; path = ATiChooseViewController.h; sourceTree = "<group>"; };
		ACF5851C18EA89EC000CC50C /* ATiChooseViewController.m */ = {isa = PBXFileReference; fileEncoding = 4; lastKnownFileType = sourcecode.c.objc; path = ATiChooseViewController.m; sourceTree = "<group>"; };
		ACF5852218EABCFE000CC50C /* ActionFriendsViewController.h */ = {isa = PBXFileReference; fileEncoding = 4; lastKnownFileType = sourcecode.c.h; path = ActionFriendsViewController.h; sourceTree = "<group>"; };
		ACF5852318EABCFE000CC50C /* ActionFriendsViewController.m */ = {isa = PBXFileReference; fileEncoding = 4; lastKnownFileType = sourcecode.c.objc; path = ActionFriendsViewController.m; sourceTree = "<group>"; };
		CA13B54F18D0AC93009209C9 /* libWeChatSDK.a */ = {isa = PBXFileReference; lastKnownFileType = archive.ar; path = libWeChatSDK.a; sourceTree = "<group>"; };
		CA13B55018D0AC93009209C9 /* WXApi.h */ = {isa = PBXFileReference; fileEncoding = 4; lastKnownFileType = sourcecode.c.h; path = WXApi.h; sourceTree = "<group>"; };
		CA13B55118D0AC93009209C9 /* WXApiObject.h */ = {isa = PBXFileReference; fileEncoding = 4; lastKnownFileType = sourcecode.c.h; path = WXApiObject.h; sourceTree = "<group>"; };
		CA13B55318D0ACAF009209C9 /* TencentOpenAPI.framework */ = {isa = PBXFileReference; lastKnownFileType = wrapper.framework; name = TencentOpenAPI.framework; path = Connect_IOS_SDK_V2.2/TencentOpenAPI.framework; sourceTree = "<group>"; };
		CA13B55518D0ACCC009209C9 /* TencentOpenApi_IOS_Bundle.bundle */ = {isa = PBXFileReference; lastKnownFileType = "wrapper.plug-in"; name = TencentOpenApi_IOS_Bundle.bundle; path = Connect_IOS_SDK_V2.2/TencentOpenApi_IOS_Bundle.bundle; sourceTree = "<group>"; };
		CA13B55B18D0ADB5009209C9 /* AFHTTPClient.h */ = {isa = PBXFileReference; fileEncoding = 4; lastKnownFileType = sourcecode.c.h; path = AFHTTPClient.h; sourceTree = "<group>"; };
		CA13B55C18D0ADB5009209C9 /* AFHTTPClient.m */ = {isa = PBXFileReference; fileEncoding = 4; lastKnownFileType = sourcecode.c.objc; path = AFHTTPClient.m; sourceTree = "<group>"; };
		CA13B55D18D0ADB5009209C9 /* AFHTTPRequestOperation.h */ = {isa = PBXFileReference; fileEncoding = 4; lastKnownFileType = sourcecode.c.h; path = AFHTTPRequestOperation.h; sourceTree = "<group>"; };
		CA13B55E18D0ADB5009209C9 /* AFHTTPRequestOperation.m */ = {isa = PBXFileReference; fileEncoding = 4; lastKnownFileType = sourcecode.c.objc; path = AFHTTPRequestOperation.m; sourceTree = "<group>"; };
		CA13B55F18D0ADB5009209C9 /* AFImageRequestOperation.h */ = {isa = PBXFileReference; fileEncoding = 4; lastKnownFileType = sourcecode.c.h; path = AFImageRequestOperation.h; sourceTree = "<group>"; };
		CA13B56018D0ADB5009209C9 /* AFImageRequestOperation.m */ = {isa = PBXFileReference; fileEncoding = 4; lastKnownFileType = sourcecode.c.objc; path = AFImageRequestOperation.m; sourceTree = "<group>"; };
		CA13B56118D0ADB5009209C9 /* AFJSONRequestOperation.h */ = {isa = PBXFileReference; fileEncoding = 4; lastKnownFileType = sourcecode.c.h; path = AFJSONRequestOperation.h; sourceTree = "<group>"; };
		CA13B56218D0ADB5009209C9 /* AFJSONRequestOperation.m */ = {isa = PBXFileReference; fileEncoding = 4; lastKnownFileType = sourcecode.c.objc; path = AFJSONRequestOperation.m; sourceTree = "<group>"; };
		CA13B56318D0ADB5009209C9 /* AFJSONUtilities.h */ = {isa = PBXFileReference; fileEncoding = 4; lastKnownFileType = sourcecode.c.h; path = AFJSONUtilities.h; sourceTree = "<group>"; };
		CA13B56418D0ADB5009209C9 /* AFJSONUtilities.m */ = {isa = PBXFileReference; fileEncoding = 4; lastKnownFileType = sourcecode.c.objc; path = AFJSONUtilities.m; sourceTree = "<group>"; };
		CA13B56518D0ADB5009209C9 /* AFNetworkActivityIndicatorManager.h */ = {isa = PBXFileReference; fileEncoding = 4; lastKnownFileType = sourcecode.c.h; path = AFNetworkActivityIndicatorManager.h; sourceTree = "<group>"; };
		CA13B56618D0ADB5009209C9 /* AFNetworkActivityIndicatorManager.m */ = {isa = PBXFileReference; fileEncoding = 4; lastKnownFileType = sourcecode.c.objc; path = AFNetworkActivityIndicatorManager.m; sourceTree = "<group>"; };
		CA13B56718D0ADB5009209C9 /* AFNetworking.h */ = {isa = PBXFileReference; fileEncoding = 4; lastKnownFileType = sourcecode.c.h; path = AFNetworking.h; sourceTree = "<group>"; };
		CA13B56818D0ADB5009209C9 /* AFPropertyListRequestOperation.h */ = {isa = PBXFileReference; fileEncoding = 4; lastKnownFileType = sourcecode.c.h; path = AFPropertyListRequestOperation.h; sourceTree = "<group>"; };
		CA13B56918D0ADB5009209C9 /* AFPropertyListRequestOperation.m */ = {isa = PBXFileReference; fileEncoding = 4; lastKnownFileType = sourcecode.c.objc; path = AFPropertyListRequestOperation.m; sourceTree = "<group>"; };
		CA13B56A18D0ADB5009209C9 /* AFURLConnectionOperation.h */ = {isa = PBXFileReference; fileEncoding = 4; lastKnownFileType = sourcecode.c.h; path = AFURLConnectionOperation.h; sourceTree = "<group>"; };
		CA13B56B18D0ADB5009209C9 /* AFURLConnectionOperation.m */ = {isa = PBXFileReference; fileEncoding = 4; lastKnownFileType = sourcecode.c.objc; path = AFURLConnectionOperation.m; sourceTree = "<group>"; };
		CA13B56C18D0ADB5009209C9 /* AFXMLRequestOperation.h */ = {isa = PBXFileReference; fileEncoding = 4; lastKnownFileType = sourcecode.c.h; path = AFXMLRequestOperation.h; sourceTree = "<group>"; };
		CA13B56D18D0ADB5009209C9 /* AFXMLRequestOperation.m */ = {isa = PBXFileReference; fileEncoding = 4; lastKnownFileType = sourcecode.c.objc; path = AFXMLRequestOperation.m; sourceTree = "<group>"; };
		CA13B56E18D0ADB5009209C9 /* UIImageView+AFNetworking.h */ = {isa = PBXFileReference; fileEncoding = 4; lastKnownFileType = sourcecode.c.h; path = "UIImageView+AFNetworking.h"; sourceTree = "<group>"; };
		CA13B56F18D0ADB5009209C9 /* UIImageView+AFNetworking.m */ = {isa = PBXFileReference; fileEncoding = 4; lastKnownFileType = sourcecode.c.objc; path = "UIImageView+AFNetworking.m"; sourceTree = "<group>"; };
		CA13B57A18D0ADC5009209C9 /* AFGoPartyApiClient.h */ = {isa = PBXFileReference; fileEncoding = 4; lastKnownFileType = sourcecode.c.h; path = AFGoPartyApiClient.h; sourceTree = "<group>"; };
		CA13B57B18D0ADC5009209C9 /* AFGoPartyApiClient.m */ = {isa = PBXFileReference; fileEncoding = 4; lastKnownFileType = sourcecode.c.objc; path = AFGoPartyApiClient.m; sourceTree = "<group>"; };
		CA13B57D18D0ADD4009209C9 /* EventModel.h */ = {isa = PBXFileReference; fileEncoding = 4; lastKnownFileType = sourcecode.c.h; path = EventModel.h; sourceTree = "<group>"; };
		CA13B57E18D0ADD4009209C9 /* EventModel.m */ = {isa = PBXFileReference; fileEncoding = 4; lastKnownFileType = sourcecode.c.objc; path = EventModel.m; sourceTree = "<group>"; };
		CA13B57F18D0ADD4009209C9 /* UserModel.h */ = {isa = PBXFileReference; fileEncoding = 4; lastKnownFileType = sourcecode.c.h; path = UserModel.h; sourceTree = "<group>"; };
		CA13B58018D0ADD4009209C9 /* UserModel.m */ = {isa = PBXFileReference; fileEncoding = 4; lastKnownFileType = sourcecode.c.objc; path = UserModel.m; sourceTree = "<group>"; };
		CA13B58418D0B8B1009209C9 /* GlobalTokenManager.h */ = {isa = PBXFileReference; fileEncoding = 4; lastKnownFileType = sourcecode.c.h; path = GlobalTokenManager.h; sourceTree = "<group>"; };
		CA13B58518D0B8B1009209C9 /* GlobalTokenManager.m */ = {isa = PBXFileReference; fileEncoding = 4; lastKnownFileType = sourcecode.c.objc; path = GlobalTokenManager.m; sourceTree = "<group>"; };
		CA13B58718D0BDCC009209C9 /* ErrorModel.h */ = {isa = PBXFileReference; fileEncoding = 4; lastKnownFileType = sourcecode.c.h; path = ErrorModel.h; sourceTree = "<group>"; };
		CA13B58818D0BDCC009209C9 /* ErrorModel.m */ = {isa = PBXFileReference; fileEncoding = 4; lastKnownFileType = sourcecode.c.objc; path = ErrorModel.m; sourceTree = "<group>"; };
		CA13B58A18D0BE94009209C9 /* EventCategory.h */ = {isa = PBXFileReference; fileEncoding = 4; lastKnownFileType = sourcecode.c.h; path = EventCategory.h; sourceTree = "<group>"; };
		CA13B58B18D0BE94009209C9 /* EventCategory.m */ = {isa = PBXFileReference; fileEncoding = 4; lastKnownFileType = sourcecode.c.objc; path = EventCategory.m; sourceTree = "<group>"; };
		CA13B58E18D2038B009209C9 /* Jastor.h */ = {isa = PBXFileReference; fileEncoding = 4; lastKnownFileType = sourcecode.c.h; path = Jastor.h; sourceTree = "<group>"; };
		CA13B58F18D2038B009209C9 /* Jastor.m */ = {isa = PBXFileReference; fileEncoding = 4; lastKnownFileType = sourcecode.c.objc; path = Jastor.m; sourceTree = "<group>"; };
		CA13B59118D204EF009209C9 /* JastorRuntimeHelper.h */ = {isa = PBXFileReference; fileEncoding = 4; lastKnownFileType = sourcecode.c.h; path = JastorRuntimeHelper.h; sourceTree = "<group>"; };
		CA13B59218D204EF009209C9 /* JastorRuntimeHelper.m */ = {isa = PBXFileReference; fileEncoding = 4; lastKnownFileType = sourcecode.c.objc; path = JastorRuntimeHelper.m; sourceTree = "<group>"; };
		CA13B59518D5EB6E009209C9 /* GoPartyUtilities.h */ = {isa = PBXFileReference; fileEncoding = 4; lastKnownFileType = sourcecode.c.h; path = GoPartyUtilities.h; sourceTree = "<group>"; };
		CA13B59618D5EB6E009209C9 /* GoPartyUtilities.m */ = {isa = PBXFileReference; fileEncoding = 4; lastKnownFileType = sourcecode.c.objc; path = GoPartyUtilities.m; sourceTree = "<group>"; };
		CA13B59918D60628009209C9 /* EventCategoryTests.m */ = {isa = PBXFileReference; fileEncoding = 4; lastKnownFileType = sourcecode.c.objc; path = EventCategoryTests.m; sourceTree = "<group>"; };
		CA13B59B18D746CB009209C9 /* EventMessage.h */ = {isa = PBXFileReference; fileEncoding = 4; lastKnownFileType = sourcecode.c.h; path = EventMessage.h; sourceTree = "<group>"; };
		CA13B59C18D746CB009209C9 /* EventMessage.m */ = {isa = PBXFileReference; fileEncoding = 4; lastKnownFileType = sourcecode.c.objc; path = EventMessage.m; sourceTree = "<group>"; };
		CA13B59E18D74A5E009209C9 /* EventQueryFilters.h */ = {isa = PBXFileReference; fileEncoding = 4; lastKnownFileType = sourcecode.c.h; path = EventQueryFilters.h; sourceTree = "<group>"; };
		CA13B59F18D74A5E009209C9 /* EventQueryFilters.m */ = {isa = PBXFileReference; fileEncoding = 4; lastKnownFileType = sourcecode.c.objc; path = EventQueryFilters.m; sourceTree = "<group>"; };
/* End PBXFileReference section */

/* Begin PBXFrameworksBuildPhase section */
		AC19F132187C391900E17D98 /* Frameworks */ = {
			isa = PBXFrameworksBuildPhase;
			buildActionMask = 2147483647;
			files = (
				ACA7FB3918F9AB2F00DCD28F /* CoreLocation.framework in Frameworks */,
				CA13B55618D0ACCC009209C9 /* TencentOpenApi_IOS_Bundle.bundle in Frameworks */,
				CA13B55418D0ACAF009209C9 /* TencentOpenAPI.framework in Frameworks */,
				AC12F95E18C23269000FAC58 /* QuartzCore.framework in Frameworks */,
				AC535A5D18B1ADD0008668F1 /* libz.dylib in Frameworks */,
				AC535A5B18B1ADC8008668F1 /* libstdc++.dylib in Frameworks */,
				CA13B55218D0AC93009209C9 /* libWeChatSDK.a in Frameworks */,
				AC535A5918B1ADBD008668F1 /* CoreTelephony.framework in Frameworks */,
				AC535A5718B1ADB6008668F1 /* libsqlite3.dylib in Frameworks */,
				AC535A5518B1ADA7008668F1 /* SystemConfiguration.framework in Frameworks */,
				AC535A5318B1AD97008668F1 /* libiconv.dylib in Frameworks */,
				AC535A5118B1AD89008668F1 /* Security.framework in Frameworks */,
				AC19F13B187C391900E17D98 /* CoreGraphics.framework in Frameworks */,
				AC19F13D187C391900E17D98 /* UIKit.framework in Frameworks */,
				AC19F139187C391900E17D98 /* Foundation.framework in Frameworks */,
			);
			runOnlyForDeploymentPostprocessing = 0;
		};
		AC19F153187C391900E17D98 /* Frameworks */ = {
			isa = PBXFrameworksBuildPhase;
			buildActionMask = 2147483647;
			files = (
				AC19F158187C391900E17D98 /* XCTest.framework in Frameworks */,
				AC19F15A187C391900E17D98 /* UIKit.framework in Frameworks */,
				AC19F159187C391900E17D98 /* Foundation.framework in Frameworks */,
			);
			runOnlyForDeploymentPostprocessing = 0;
		};
/* End PBXFrameworksBuildPhase section */

/* Begin PBXGroup section */
		AC12F95318C1E301000FAC58 /* action */ = {
			isa = PBXGroup;
			children = (
				AC12F95B18C230EB000FAC58 /* a_point.png */,
				AC12F95418C1E6E1000FAC58 /* a_star_1.png */,
				AC12F95518C1E6E1000FAC58 /* a_star.png */,
			);
			name = action;
			sourceTree = "<group>";
		};
		AC19F12C187C391900E17D98 = {
			isa = PBXGroup;
			children = (
				CA13B55718D0AD1B009209C9 /* GoPartyWebserviceCore */,
				AC19F13E187C391900E17D98 /* GoParty */,
				AC19F15D187C391900E17D98 /* GoPartyTests */,
				AC19F137187C391900E17D98 /* Frameworks */,
				AC19F136187C391900E17D98 /* Products */,
			);
			sourceTree = "<group>";
		};
		AC19F136187C391900E17D98 /* Products */ = {
			isa = PBXGroup;
			children = (
				AC19F135187C391900E17D98 /* GoParty.app */,
				AC19F156187C391900E17D98 /* GoPartyTests.xctest */,
			);
			name = Products;
			sourceTree = "<group>";
		};
		AC19F137187C391900E17D98 /* Frameworks */ = {
			isa = PBXGroup;
			children = (
				ACA7FB3818F9AB2F00DCD28F /* CoreLocation.framework */,
				CA13B55518D0ACCC009209C9 /* TencentOpenApi_IOS_Bundle.bundle */,
				CA13B55318D0ACAF009209C9 /* TencentOpenAPI.framework */,
				AC12F95D18C23269000FAC58 /* QuartzCore.framework */,
				AC535A5C18B1ADD0008668F1 /* libz.dylib */,
				AC535A5A18B1ADC8008668F1 /* libstdc++.dylib */,
				AC535A5818B1ADBD008668F1 /* CoreTelephony.framework */,
				AC535A5618B1ADB6008668F1 /* libsqlite3.dylib */,
				AC535A5418B1ADA7008668F1 /* SystemConfiguration.framework */,
				AC535A5218B1AD97008668F1 /* libiconv.dylib */,
				AC535A5018B1AD89008668F1 /* Security.framework */,
				AC19F138187C391900E17D98 /* Foundation.framework */,
				AC19F13A187C391900E17D98 /* CoreGraphics.framework */,
				AC19F13C187C391900E17D98 /* UIKit.framework */,
				AC19F157187C391900E17D98 /* XCTest.framework */,
			);
			name = Frameworks;
			sourceTree = "<group>";
		};
		AC19F13E187C391900E17D98 /* GoParty */ = {
			isa = PBXGroup;
			children = (
				ACA7FB3518F9A49600DCD28F /* WCChatSelectionView.h */,
				ACA7FB3618F9A49600DCD28F /* WCChatSelectionView.m */,
				CA13B54E18D0AC93009209C9 /* WeChatSDK_1.4.2.1 */,
				AC19F147187C391900E17D98 /* goPartyAppDelegate.h */,
				AC19F148187C391900E17D98 /* goPartyAppDelegate.m */,
				AC19F14D187C391900E17D98 /* goPartyViewController.h */,
				AC19F14E187C391900E17D98 /* goPartyViewController.m */,
				AC4318CA187D85A70046C7CC /* Login.storyboard */,
				AC19F172187C3D5600E17D98 /* LoginViewController.h */,
				AC19F173187C3D5600E17D98 /* LoginViewController.m */,
				AC4318DA187D8D510046C7CC /* Main.storyboard */,
				AC2D70CC187EE80B00A5D5C9 /* MainTabBarViewController.h */,
				AC2D70CD187EE80B00A5D5C9 /* MainTabBarViewController.m */,
				AC48603218BE1FAD00E3CF21 /* MainTabBarController.h */,
				AC48603318BE1FAD00E3CF21 /* MainTabBarController.m */,
				AC48604518BE2D5C00E3CF21 /* MyNaviViewController.h */,
				AC48604618BE2D5C00E3CF21 /* MyNaviViewController.m */,
				AC2D70C3187ED3A100A5D5C9 /* ActionViewController.h */,
				AC2D70C4187ED3A100A5D5C9 /* ActionViewController.m */,
				AC40063318E31DD700E1493C /* ActionMainViewController.h */,
				AC40063418E31DD700E1493C /* ActionMainViewController.m */,
				ACBF540718F637B40006A01C /* ActionMainDetailViewController.h */,
				ACBF540818F637B40006A01C /* ActionMainDetailViewController.m */,
				ACBF540A18F6380B0006A01C /* ActionMainChatViewController.h */,
				ACBF540B18F6380B0006A01C /* ActionMainChatViewController.m */,
				ACBF540D18F6382A0006A01C /* ActionMainShareViewController.h */,
				ACBF540E18F6382A0006A01C /* ActionMainShareViewController.m */,
				ACE501C018E9407300DC395D /* AddActionViewController.h */,
				ACE501C118E9407300DC395D /* AddActionViewController.m */,
				AC06EEA718E99ACC00D5281C /* ActionTypeViewController.h */,
				AC06EEA818E99ACC00D5281C /* ActionTypeViewController.m */,
				AC06EEAA18E99AE400D5281C /* ActionTimeViewController.h */,
				AC06EEAB18E99AE400D5281C /* ActionTimeViewController.m */,
				ACF5851B18EA89EC000CC50C /* ATiChooseViewController.h */,
				ACF5851C18EA89EC000CC50C /* ATiChooseViewController.m */,
				ACF5852218EABCFE000CC50C /* ActionFriendsViewController.h */,
				ACF5852318EABCFE000CC50C /* ActionFriendsViewController.m */,
				AC2D70C6187ED3F000A5D5C9 /* AddressListViewController.h */,
				AC2D70C7187ED3F000A5D5C9 /* AddressListViewController.m */,
				AC12F94E18C1CC53000FAC58 /* AddFriendsViewController.h */,
				AC12F94F18C1CC53000FAC58 /* AddFriendsViewController.m */,
				AC2D70C9187EE26400A5D5C9 /* UserInfoViewController.h */,
				AC2D70CA187EE26400A5D5C9 /* UserInfoViewController.m */,
				AC12F95818C22473000FAC58 /* MapTipView.h */,
				AC12F95918C22473000FAC58 /* MapTipView.m */,
				AC19F150187C391900E17D98 /* Images.xcassets */,
				AC19F13F187C391900E17D98 /* Supporting Files */,
			);
			path = GoParty;
			sourceTree = "<group>";
		};
		AC19F13F187C391900E17D98 /* Supporting Files */ = {
			isa = PBXGroup;
			children = (
				ACA7FB0A18F9981300DCD28F /* chat */,
				ACE501C318E949FC00DC395D /* imagev6 */,
				AC4BB64518A91C7E004BCFCA /* Image */,
				AC4318CD187D879F0046C7CC /* Mockups */,
				AC19F140187C391900E17D98 /* GoParty-Info.plist */,
				AC19F141187C391900E17D98 /* InfoPlist.strings */,
				AC19F144187C391900E17D98 /* main.m */,
				AC19F146187C391900E17D98 /* GoParty-Prefix.pch */,
			);
			name = "Supporting Files";
			sourceTree = "<group>";
		};
		AC19F15D187C391900E17D98 /* GoPartyTests */ = {
			isa = PBXGroup;
			children = (
				CA13B59818D605F1009209C9 /* Models */,
				AC19F163187C391900E17D98 /* GoPartyTests.m */,
				AC19F15E187C391900E17D98 /* Supporting Files */,
			);
			path = GoPartyTests;
			sourceTree = "<group>";
		};
		AC19F15E187C391900E17D98 /* Supporting Files */ = {
			isa = PBXGroup;
			children = (
				AC19F15F187C391900E17D98 /* GoPartyTests-Info.plist */,
				AC19F160187C391900E17D98 /* InfoPlist.strings */,
			);
			name = "Supporting Files";
			sourceTree = "<group>";
		};
		AC4318CD187D879F0046C7CC /* Mockups */ = {
			isa = PBXGroup;
			children = (
				AC122AB21886C08F006DB770 /* icon.png */,
				AC122AB31886C08F006DB770 /* mobile_logo.jpg */,
				AC122AB41886C08F006DB770 /* qq_logo.jpg */,
				AC122AB51886C08F006DB770 /* wechat_logo.jpg */,
			);
			name = Mockups;
			sourceTree = "<group>";
		};
		AC4BB64518A91C7E004BCFCA /* Image */ = {
			isa = PBXGroup;
			children = (
				AC12F95318C1E301000FAC58 /* action */,
				AC48604818BE2F0E00E3CF21 /* naviBarBg.png */,
				AC4BB66018A91F80004BCFCA /* NaviReturn.png */,
				AC4BB66118A91F80004BCFCA /* NaviReturn_1.png */,
				AC4BB66F18A92071004BCFCA /* login */,
				AC4BB66818A9206A004BCFCA /* list */,
				AC4BB65D18A91F80004BCFCA /* add */,
				AC4BB64818A91F23004BCFCA /* foot */,
			);
			name = Image;
			sourceTree = "<group>";
		};
		AC4BB64818A91F23004BCFCA /* foot */ = {
			isa = PBXGroup;
			children = (
				AC48603518BE21BA00E3CF21 /* f_01_1.png */,
				AC48603618BE21BA00E3CF21 /* f_01.png */,
				AC48603718BE21BA00E3CF21 /* f_02_1.png */,
				AC48603818BE21BA00E3CF21 /* f_02.png */,
				AC48603918BE21BA00E3CF21 /* f_03_1.png */,
				AC48603A18BE21BA00E3CF21 /* f_03.png */,
				AC48603B18BE21BA00E3CF21 /* f_04_1.png */,
				AC48603C18BE21BA00E3CF21 /* f_04.png */,
				AC4BB64918A91F23004BCFCA /* f_subBg.png */,
				AC4BB64A18A91F23004BCFCA /* bg_03.png */,
			);
			name = foot;
			path = image/foot;
			sourceTree = SOURCE_ROOT;
		};
		AC4BB65D18A91F80004BCFCA /* add */ = {
			isa = PBXGroup;
			children = (
				AC4BB65E18A91F80004BCFCA /* a_phone.png */,
				AC4BB65F18A91F80004BCFCA /* a_qq.png */,
				AC4BB66218A91F80004BCFCA /* a_search.png */,
			);
			name = add;
			path = image/add;
			sourceTree = SOURCE_ROOT;
		};
		AC4BB66818A9206A004BCFCA /* list */ = {
			isa = PBXGroup;
			children = (
				AC4BB66918A9206A004BCFCA /* l_add_1.png */,
				AC4BB66A18A9206A004BCFCA /* l_add.png */,
				AC4BB66B18A9206A004BCFCA /* l_group.png */,
			);
			name = list;
			path = image/list;
			sourceTree = SOURCE_ROOT;
		};
		AC4BB66F18A92071004BCFCA /* login */ = {
			isa = PBXGroup;
			children = (
				AC12F95118C1DFEB000FAC58 /* l_space2.png */,
				AC4BB67018A92071004BCFCA /* lg_captcha.png */,
				AC4BB67118A92071004BCFCA /* lg_login.png */,
				AC4BB67218A92071004BCFCA /* lg_phone.png */,
				AC4BB67318A92071004BCFCA /* lg_phone_1.png */,
				AC4BB67418A92071004BCFCA /* lg_qq.png */,
				AC4BB67518A92071004BCFCA /* lg_qq_1.png */,
				AC4BB67618A92071004BCFCA /* lg_rem.png */,
				AC4BB67718A92071004BCFCA /* lg_rem_1.png */,
				AC4BB67818A92071004BCFCA /* lg_space.png */,
				AC4BB67918A92071004BCFCA /* lg_wx.png */,
				AC4BB67A18A92071004BCFCA /* lg_wx_1.png */,
			);
			name = login;
			path = image/login;
			sourceTree = SOURCE_ROOT;
		};
		ACA7FB0A18F9981300DCD28F /* chat */ = {
			isa = PBXGroup;
			children = (
				ACA7FB2D18F9A24B00DCD28F /* ToolViewEmotion@2x.png */,
				ACA7FB2E18F9A24B00DCD28F /* ToolViewEmotionHL@2x.png */,
				ACA7FB2F18F9A24B00DCD28F /* TypeSelectorBtn_Black@2x.png */,
				ACA7FB3018F9A24B00DCD28F /* TypeSelectorBtnHL_Black@2x.png */,
				ACA7FB2518F9A1DB00DCD28F /* ToolViewInputText@2x.png */,
				ACA7FB2618F9A1DB00DCD28F /* ToolViewInputTextHL@2x.png */,
				ACA7FB2718F9A1DB00DCD28F /* ToolViewInputVoice@2x.png */,
				ACA7FB2818F9A1DB00DCD28F /* ToolViewInputVoiceHL@2x.png */,
				ACA7FB2318F9A1A400DCD28F /* ToolViewBkg_Black@2x.png */,
				ACA7FB0B18F9989200DCD28F /* ReceiverTextNodeBkg.png */,
				ACA7FB0C18F9989200DCD28F /* ReceiverTextNodeBkg@2x.png */,
				ACA7FB0D18F9989200DCD28F /* ReceiverVoiceNodeDownloading.png */,
				ACA7FB0E18F9989200DCD28F /* ReceiverVoiceNodeDownloading@2x.png */,
				ACA7FB0F18F9989200DCD28F /* ReceiverVoiceNodePlaying.png */,
				ACA7FB1018F9989200DCD28F /* ReceiverVoiceNodePlaying@2x.png */,
				ACA7FB1118F9989200DCD28F /* SenderAppNodeBkg_HL.png */,
				ACA7FB1218F9989200DCD28F /* SenderAppNodeBkg_HL@2x.png */,
				ACA7FB1318F9989200DCD28F /* SenderVoiceNodeDownloading.png */,
				ACA7FB1418F9989200DCD28F /* SenderVoiceNodeDownloading@2x.png */,
				ACA7FB1518F9989200DCD28F /* SenderVoiceNodePlaying.png */,
				ACA7FB1618F9989200DCD28F /* SenderVoiceNodePlaying@2x.png */,
			);
			name = chat;
			sourceTree = "<group>";
		};
		ACE501C318E949FC00DC395D /* imagev6 */ = {
			isa = PBXGroup;
			children = (
				ACE501C418E94A3000DC395D /* add.png */,
				ACE501C518E94A3000DC395D /* address.png */,
				ACE501C618E94A3000DC395D /* buttun003.png */,
				ACE501C718E94A3000DC395D /* end_grey.png */,
				ACE501C818E94A3000DC395D /* end.png */,
				ACE501C918E94A3000DC395D /* location.png */,
				ACE501CA18E94A3000DC395D /* people.png */,
				ACE501CB18E94A3000DC395D /* phone.png */,
				ACE501CC18E94A3000DC395D /* plus3_1.png */,
				ACE501CD18E94A3000DC395D /* r_arrow.png */,
				ACE501CE18E94A3000DC395D /* search.png */,
				ACE501CF18E94A3000DC395D /* start_grey.png */,
				ACE501D018E94A3000DC395D /* start.png */,
				ACE501D118E94A3000DC395D /* text.png */,
				ACE501D218E94A3000DC395D /* top_bg.png */,
				ACE501D318E94A3000DC395D /* type.png */,
			);
			name = imagev6;
			sourceTree = "<group>";
		};
		CA13B54E18D0AC93009209C9 /* WeChatSDK_1.4.2.1 */ = {
			isa = PBXGroup;
			children = (
				CA13B54F18D0AC93009209C9 /* libWeChatSDK.a */,
				CA13B55018D0AC93009209C9 /* WXApi.h */,
				CA13B55118D0AC93009209C9 /* WXApiObject.h */,
			);
			path = WeChatSDK_1.4.2.1;
			sourceTree = SOURCE_ROOT;
		};
		CA13B55718D0AD1B009209C9 /* GoPartyWebserviceCore */ = {
			isa = PBXGroup;
			children = (
				CA13B59418D5EB29009209C9 /* Utility */,
				CA13B58D18D20370009209C9 /* Jastor */,
				CA13B58318D0B691009209C9 /* Token */,
				CA13B55A18D0AD6C009209C9 /* Models */,
				CA13B55918D0AD4F009209C9 /* Connector */,
				CA13B55818D0AD43009209C9 /* AFNetworking */,
			);
			name = GoPartyWebserviceCore;
			sourceTree = "<group>";
		};
		CA13B55818D0AD43009209C9 /* AFNetworking */ = {
			isa = PBXGroup;
			children = (
				CA13B55B18D0ADB5009209C9 /* AFHTTPClient.h */,
				CA13B55C18D0ADB5009209C9 /* AFHTTPClient.m */,
				CA13B55D18D0ADB5009209C9 /* AFHTTPRequestOperation.h */,
				CA13B55E18D0ADB5009209C9 /* AFHTTPRequestOperation.m */,
				CA13B55F18D0ADB5009209C9 /* AFImageRequestOperation.h */,
				CA13B56018D0ADB5009209C9 /* AFImageRequestOperation.m */,
				CA13B56118D0ADB5009209C9 /* AFJSONRequestOperation.h */,
				CA13B56218D0ADB5009209C9 /* AFJSONRequestOperation.m */,
				CA13B56318D0ADB5009209C9 /* AFJSONUtilities.h */,
				CA13B56418D0ADB5009209C9 /* AFJSONUtilities.m */,
				CA13B56518D0ADB5009209C9 /* AFNetworkActivityIndicatorManager.h */,
				CA13B56618D0ADB5009209C9 /* AFNetworkActivityIndicatorManager.m */,
				CA13B56718D0ADB5009209C9 /* AFNetworking.h */,
				CA13B56818D0ADB5009209C9 /* AFPropertyListRequestOperation.h */,
				CA13B56918D0ADB5009209C9 /* AFPropertyListRequestOperation.m */,
				CA13B56A18D0ADB5009209C9 /* AFURLConnectionOperation.h */,
				CA13B56B18D0ADB5009209C9 /* AFURLConnectionOperation.m */,
				CA13B56C18D0ADB5009209C9 /* AFXMLRequestOperation.h */,
				CA13B56D18D0ADB5009209C9 /* AFXMLRequestOperation.m */,
				CA13B56E18D0ADB5009209C9 /* UIImageView+AFNetworking.h */,
				CA13B56F18D0ADB5009209C9 /* UIImageView+AFNetworking.m */,
			);
			name = AFNetworking;
			sourceTree = "<group>";
		};
		CA13B55918D0AD4F009209C9 /* Connector */ = {
			isa = PBXGroup;
			children = (
				CA13B57A18D0ADC5009209C9 /* AFGoPartyApiClient.h */,
				CA13B57B18D0ADC5009209C9 /* AFGoPartyApiClient.m */,
			);
			name = Connector;
			sourceTree = "<group>";
		};
		CA13B55A18D0AD6C009209C9 /* Models */ = {
			isa = PBXGroup;
			children = (
				CA13B57D18D0ADD4009209C9 /* EventModel.h */,
				CA13B57E18D0ADD4009209C9 /* EventModel.m */,
				CA13B57F18D0ADD4009209C9 /* UserModel.h */,
				CA13B58018D0ADD4009209C9 /* UserModel.m */,
				CA13B58718D0BDCC009209C9 /* ErrorModel.h */,
				CA13B58818D0BDCC009209C9 /* ErrorModel.m */,
				CA13B58A18D0BE94009209C9 /* EventCategory.h */,
				CA13B58B18D0BE94009209C9 /* EventCategory.m */,
				CA13B59B18D746CB009209C9 /* EventMessage.h */,
				CA13B59C18D746CB009209C9 /* EventMessage.m */,
				CA13B59E18D74A5E009209C9 /* EventQueryFilters.h */,
				CA13B59F18D74A5E009209C9 /* EventQueryFilters.m */,
			);
			name = Models;
			sourceTree = "<group>";
		};
		CA13B58318D0B691009209C9 /* Token */ = {
			isa = PBXGroup;
			children = (
				CA13B58418D0B8B1009209C9 /* GlobalTokenManager.h */,
				CA13B58518D0B8B1009209C9 /* GlobalTokenManager.m */,
			);
			name = Token;
			sourceTree = "<group>";
		};
		CA13B58D18D20370009209C9 /* Jastor */ = {
			isa = PBXGroup;
			children = (
				CA13B59118D204EF009209C9 /* JastorRuntimeHelper.h */,
				CA13B59218D204EF009209C9 /* JastorRuntimeHelper.m */,
				CA13B58E18D2038B009209C9 /* Jastor.h */,
				CA13B58F18D2038B009209C9 /* Jastor.m */,
			);
			name = Jastor;
			sourceTree = "<group>";
		};
		CA13B59418D5EB29009209C9 /* Utility */ = {
			isa = PBXGroup;
			children = (
				CA13B59518D5EB6E009209C9 /* GoPartyUtilities.h */,
				CA13B59618D5EB6E009209C9 /* GoPartyUtilities.m */,
			);
			name = Utility;
			sourceTree = "<group>";
		};
		CA13B59818D605F1009209C9 /* Models */ = {
			isa = PBXGroup;
			children = (
				CA13B59918D60628009209C9 /* EventCategoryTests.m */,
			);
			name = Models;
			sourceTree = "<group>";
		};
/* End PBXGroup section */

/* Begin PBXNativeTarget section */
		AC19F134187C391900E17D98 /* GoParty */ = {
			isa = PBXNativeTarget;
			buildConfigurationList = AC19F167187C391900E17D98 /* Build configuration list for PBXNativeTarget "GoParty" */;
			buildPhases = (
				AC19F131187C391900E17D98 /* Sources */,
				AC19F132187C391900E17D98 /* Frameworks */,
				AC19F133187C391900E17D98 /* Resources */,
			);
			buildRules = (
			);
			dependencies = (
			);
			name = GoParty;
			productName = GoParty;
			productReference = AC19F135187C391900E17D98 /* GoParty.app */;
			productType = "com.apple.product-type.application";
		};
		AC19F155187C391900E17D98 /* GoPartyTests */ = {
			isa = PBXNativeTarget;
			buildConfigurationList = AC19F16A187C391900E17D98 /* Build configuration list for PBXNativeTarget "GoPartyTests" */;
			buildPhases = (
				AC19F152187C391900E17D98 /* Sources */,
				AC19F153187C391900E17D98 /* Frameworks */,
				AC19F154187C391900E17D98 /* Resources */,
			);
			buildRules = (
			);
			dependencies = (
				AC19F15C187C391900E17D98 /* PBXTargetDependency */,
			);
			name = GoPartyTests;
			productName = GoPartyTests;
			productReference = AC19F156187C391900E17D98 /* GoPartyTests.xctest */;
			productType = "com.apple.product-type.bundle.unit-test";
		};
/* End PBXNativeTarget section */

/* Begin PBXProject section */
		AC19F12D187C391900E17D98 /* Project object */ = {
			isa = PBXProject;
			attributes = {
				CLASSPREFIX = goParty;
				LastUpgradeCheck = 0500;
				ORGANIZATIONNAME = goParty;
				TargetAttributes = {
					AC19F155187C391900E17D98 = {
						TestTargetID = AC19F134187C391900E17D98;
					};
				};
			};
			buildConfigurationList = AC19F130187C391900E17D98 /* Build configuration list for PBXProject "GoParty" */;
			compatibilityVersion = "Xcode 3.2";
			developmentRegion = English;
			hasScannedForEncodings = 0;
			knownRegions = (
				en,
				Base,
			);
			mainGroup = AC19F12C187C391900E17D98;
			productRefGroup = AC19F136187C391900E17D98 /* Products */;
			projectDirPath = "";
			projectRoot = "";
			targets = (
				AC19F134187C391900E17D98 /* GoParty */,
				AC19F155187C391900E17D98 /* GoPartyTests */,
			);
		};
/* End PBXProject section */

/* Begin PBXResourcesBuildPhase section */
		AC19F133187C391900E17D98 /* Resources */ = {
			isa = PBXResourcesBuildPhase;
			buildActionMask = 2147483647;
			files = (
				ACE501D418E94A3000DC395D /* add.png in Resources */,
				ACA7FB1C18F9989200DCD28F /* ReceiverVoiceNodePlaying@2x.png in Resources */,
				ACA7FB2418F9A1A400DCD28F /* ToolViewBkg_Black@2x.png in Resources */,
				ACA7FB1918F9989200DCD28F /* ReceiverVoiceNodeDownloading.png in Resources */,
				AC4BB66318A91F80004BCFCA /* a_phone.png in Resources */,
				AC48603E18BE21BA00E3CF21 /* f_01.png in Resources */,
				ACA7FB1818F9989200DCD28F /* ReceiverTextNodeBkg@2x.png in Resources */,
				AC4BB66418A91F80004BCFCA /* a_qq.png in Resources */,
				AC4BB68018A92071004BCFCA /* lg_qq_1.png in Resources */,
				ACA7FB1F18F9989200DCD28F /* SenderVoiceNodeDownloading.png in Resources */,
				ACA7FB3418F9A24B00DCD28F /* TypeSelectorBtnHL_Black@2x.png in Resources */,
				AC4318CB187D85A70046C7CC /* Login.storyboard in Resources */,
				ACA7FB3118F9A24B00DCD28F /* ToolViewEmotion@2x.png in Resources */,
				AC4BB66518A91F80004BCFCA /* NaviReturn.png in Resources */,
				ACE501DF18E94A3000DC395D /* start_grey.png in Resources */,
				AC122AB61886C08F006DB770 /* icon.png in Resources */,
				AC122AB91886C08F006DB770 /* wechat_logo.jpg in Resources */,
				AC122AB71886C08F006DB770 /* mobile_logo.jpg in Resources */,
				AC4BB68518A92071004BCFCA /* lg_wx_1.png in Resources */,
				AC4BB66D18A9206A004BCFCA /* l_add.png in Resources */,
				ACA7FB1E18F9989200DCD28F /* SenderAppNodeBkg_HL@2x.png in Resources */,
				AC48604218BE21BA00E3CF21 /* f_03.png in Resources */,
				AC48604418BE21BA00E3CF21 /* f_04.png in Resources */,
				AC4BB66C18A9206A004BCFCA /* l_add_1.png in Resources */,
				AC12F95718C1E6E1000FAC58 /* a_star.png in Resources */,
				ACA7FB1A18F9989200DCD28F /* ReceiverVoiceNodeDownloading@2x.png in Resources */,
				AC4BB66618A91F80004BCFCA /* NaviReturn_1.png in Resources */,
				AC48603D18BE21BA00E3CF21 /* f_01_1.png in Resources */,
				AC4318DB187D8D510046C7CC /* Main.storyboard in Resources */,
				ACA7FB2918F9A1DB00DCD28F /* ToolViewInputText@2x.png in Resources */,
				AC4BB68318A92071004BCFCA /* lg_space.png in Resources */,
				ACA7FB3318F9A24B00DCD28F /* TypeSelectorBtn_Black@2x.png in Resources */,
				ACE501E318E94A3000DC395D /* type.png in Resources */,
				ACE501D618E94A3000DC395D /* buttun003.png in Resources */,
				ACE501DC18E94A3000DC395D /* plus3_1.png in Resources */,
				ACE501D518E94A3000DC395D /* address.png in Resources */,
				AC48604918BE2F0E00E3CF21 /* naviBarBg.png in Resources */,
				AC4BB68218A92071004BCFCA /* lg_rem_1.png in Resources */,
				ACA7FB2A18F9A1DB00DCD28F /* ToolViewInputTextHL@2x.png in Resources */,
				ACE501DE18E94A3000DC395D /* search.png in Resources */,
				AC4BB66718A91F80004BCFCA /* a_search.png in Resources */,
				ACE501DD18E94A3000DC395D /* r_arrow.png in Resources */,
				AC4BB66E18A9206A004BCFCA /* l_group.png in Resources */,
				ACE501D718E94A3000DC395D /* end_grey.png in Resources */,
				AC4BB67F18A92071004BCFCA /* lg_qq.png in Resources */,
				ACE501E118E94A3000DC395D /* text.png in Resources */,
				ACE501DA18E94A3000DC395D /* people.png in Resources */,
				ACA7FB1718F9989200DCD28F /* ReceiverTextNodeBkg.png in Resources */,
				AC12F95218C1DFEB000FAC58 /* l_space2.png in Resources */,
				ACE501E218E94A3000DC395D /* top_bg.png in Resources */,
				AC4BB67E18A92071004BCFCA /* lg_phone_1.png in Resources */,
				ACA7FB3218F9A24B00DCD28F /* ToolViewEmotionHL@2x.png in Resources */,
				ACE501D818E94A3000DC395D /* end.png in Resources */,
				ACE501DB18E94A3000DC395D /* phone.png in Resources */,
				ACA7FB2018F9989200DCD28F /* SenderVoiceNodeDownloading@2x.png in Resources */,
				AC19F151187C391900E17D98 /* Images.xcassets in Resources */,
				AC4BB67C18A92071004BCFCA /* lg_login.png in Resources */,
				AC48604318BE21BA00E3CF21 /* f_04_1.png in Resources */,
				ACA7FB1B18F9989200DCD28F /* ReceiverVoiceNodePlaying.png in Resources */,
				AC4BB67B18A92071004BCFCA /* lg_captcha.png in Resources */,
				ACA7FB2C18F9A1DB00DCD28F /* ToolViewInputVoiceHL@2x.png in Resources */,
				AC122AB81886C08F006DB770 /* qq_logo.jpg in Resources */,
				AC4BB65418A91F23004BCFCA /* bg_03.png in Resources */,
				AC4BB65318A91F23004BCFCA /* f_subBg.png in Resources */,
				AC4BB68418A92071004BCFCA /* lg_wx.png in Resources */,
				ACA7FB1D18F9989200DCD28F /* SenderAppNodeBkg_HL.png in Resources */,
				AC12F95C18C230EB000FAC58 /* a_point.png in Resources */,
				ACA7FB2218F9989200DCD28F /* SenderVoiceNodePlaying@2x.png in Resources */,
				ACE501D918E94A3000DC395D /* location.png in Resources */,
				ACE501E018E94A3000DC395D /* start.png in Resources */,
				AC48604118BE21BA00E3CF21 /* f_03_1.png in Resources */,
				AC19F143187C391900E17D98 /* InfoPlist.strings in Resources */,
				AC4BB68118A92071004BCFCA /* lg_rem.png in Resources */,
				AC4BB67D18A92071004BCFCA /* lg_phone.png in Resources */,
				AC48604018BE21BA00E3CF21 /* f_02.png in Resources */,
				AC12F95618C1E6E1000FAC58 /* a_star_1.png in Resources */,
				ACA7FB2B18F9A1DB00DCD28F /* ToolViewInputVoice@2x.png in Resources */,
				AC48603F18BE21BA00E3CF21 /* f_02_1.png in Resources */,
				ACA7FB2118F9989200DCD28F /* SenderVoiceNodePlaying.png in Resources */,
			);
			runOnlyForDeploymentPostprocessing = 0;
		};
		AC19F154187C391900E17D98 /* Resources */ = {
			isa = PBXResourcesBuildPhase;
			buildActionMask = 2147483647;
			files = (
				AC19F162187C391900E17D98 /* InfoPlist.strings in Resources */,
			);
			runOnlyForDeploymentPostprocessing = 0;
		};
/* End PBXResourcesBuildPhase section */

/* Begin PBXSourcesBuildPhase section */
		AC19F131187C391900E17D98 /* Sources */ = {
			isa = PBXSourcesBuildPhase;
			buildActionMask = 2147483647;
			files = (
				CA13B5A018D74A5E009209C9 /* EventQueryFilters.m in Sources */,
				AC40063518E31DD700E1493C /* ActionMainViewController.m in Sources */,
				CA13B59718D5EB6E009209C9 /* GoPartyUtilities.m in Sources */,
				ACBF540C18F6380B0006A01C /* ActionMainChatViewController.m in Sources */,
				ACF5852418EABCFE000CC50C /* ActionFriendsViewController.m in Sources */,
				AC19F174187C3D5600E17D98 /* LoginViewController.m in Sources */,
				CA13B58218D0ADD4009209C9 /* UserModel.m in Sources */,
				AC12F95018C1CC53000FAC58 /* AddFriendsViewController.m in Sources */,
				CA13B58118D0ADD4009209C9 /* EventModel.m in Sources */,
				ACBF540918F637B40006A01C /* ActionMainDetailViewController.m in Sources */,
				CA13B59018D2038B009209C9 /* Jastor.m in Sources */,
				CA13B57C18D0ADC5009209C9 /* AFGoPartyApiClient.m in Sources */,
				AC19F145187C391900E17D98 /* main.m in Sources */,
				ACE501C218E9407300DC395D /* AddActionViewController.m in Sources */,
				CA13B58918D0BDCC009209C9 /* ErrorModel.m in Sources */,
				ACF5851D18EA89EC000CC50C /* ATiChooseViewController.m in Sources */,
				AC06EEA918E99ACC00D5281C /* ActionTypeViewController.m in Sources */,
				AC48603418BE1FAD00E3CF21 /* MainTabBarController.m in Sources */,
				CA13B59318D204EF009209C9 /* JastorRuntimeHelper.m in Sources */,
				CA13B57718D0ADB5009209C9 /* AFURLConnectionOperation.m in Sources */,
				CA13B57018D0ADB5009209C9 /* AFHTTPClient.m in Sources */,
				AC19F14F187C391900E17D98 /* goPartyViewController.m in Sources */,
				CA13B57618D0ADB5009209C9 /* AFPropertyListRequestOperation.m in Sources */,
				CA13B57218D0ADB5009209C9 /* AFImageRequestOperation.m in Sources */,
				CA13B59D18D746CB009209C9 /* EventMessage.m in Sources */,
				CA13B57918D0ADB5009209C9 /* UIImageView+AFNetworking.m in Sources */,
				CA13B57118D0ADB5009209C9 /* AFHTTPRequestOperation.m in Sources */,
				CA13B57518D0ADB5009209C9 /* AFNetworkActivityIndicatorManager.m in Sources */,
				AC12F95A18C22473000FAC58 /* MapTipView.m in Sources */,
				ACBF540F18F6382A0006A01C /* ActionMainShareViewController.m in Sources */,
				CA13B57418D0ADB5009209C9 /* AFJSONUtilities.m in Sources */,
				CA13B58C18D0BE94009209C9 /* EventCategory.m in Sources */,
				ACA7FB3718F9A49600DCD28F /* WCChatSelectionView.m in Sources */,
				CA13B57818D0ADB5009209C9 /* AFXMLRequestOperation.m in Sources */,
				AC19F149187C391900E17D98 /* goPartyAppDelegate.m in Sources */,
				AC2D70C5187ED3A100A5D5C9 /* ActionViewController.m in Sources */,
				AC2D70CE187EE80B00A5D5C9 /* MainTabBarViewController.m in Sources */,
				AC2D70CB187EE26400A5D5C9 /* UserInfoViewController.m in Sources */,
				AC48604718BE2D5C00E3CF21 /* MyNaviViewController.m in Sources */,
				CA13B57318D0ADB5009209C9 /* AFJSONRequestOperation.m in Sources */,
				AC06EEAC18E99AE400D5281C /* ActionTimeViewController.m in Sources */,
				CA13B58618D0B8B1009209C9 /* GlobalTokenManager.m in Sources */,
				AC2D70C8187ED3F000A5D5C9 /* AddressListViewController.m in Sources */,
			);
			runOnlyForDeploymentPostprocessing = 0;
		};
		AC19F152187C391900E17D98 /* Sources */ = {
			isa = PBXSourcesBuildPhase;
			buildActionMask = 2147483647;
			files = (
				CA13B59A18D60628009209C9 /* EventCategoryTests.m in Sources */,
				AC19F164187C391900E17D98 /* GoPartyTests.m in Sources */,
			);
			runOnlyForDeploymentPostprocessing = 0;
		};
/* End PBXSourcesBuildPhase section */

/* Begin PBXTargetDependency section */
		AC19F15C187C391900E17D98 /* PBXTargetDependency */ = {
			isa = PBXTargetDependency;
			target = AC19F134187C391900E17D98 /* GoParty */;
			targetProxy = AC19F15B187C391900E17D98 /* PBXContainerItemProxy */;
		};
/* End PBXTargetDependency section */

/* Begin PBXVariantGroup section */
		AC19F141187C391900E17D98 /* InfoPlist.strings */ = {
			isa = PBXVariantGroup;
			children = (
				AC19F142187C391900E17D98 /* en */,
			);
			name = InfoPlist.strings;
			sourceTree = "<group>";
		};
		AC19F160187C391900E17D98 /* InfoPlist.strings */ = {
			isa = PBXVariantGroup;
			children = (
				AC19F161187C391900E17D98 /* en */,
			);
			name = InfoPlist.strings;
			sourceTree = "<group>";
		};
/* End PBXVariantGroup section */

/* Begin XCBuildConfiguration section */
		AC19F165187C391900E17D98 /* Debug */ = {
			isa = XCBuildConfiguration;
			buildSettings = {
				ALWAYS_SEARCH_USER_PATHS = NO;
				ARCHS = "$(ARCHS_STANDARD_INCLUDING_64_BIT)";
				CLANG_CXX_LANGUAGE_STANDARD = "gnu++0x";
				CLANG_CXX_LIBRARY = "libc++";
				CLANG_ENABLE_MODULES = YES;
				CLANG_ENABLE_OBJC_ARC = YES;
				CLANG_WARN_BOOL_CONVERSION = YES;
				CLANG_WARN_CONSTANT_CONVERSION = YES;
				CLANG_WARN_DIRECT_OBJC_ISA_USAGE = YES_ERROR;
				CLANG_WARN_EMPTY_BODY = YES;
				CLANG_WARN_ENUM_CONVERSION = YES;
				CLANG_WARN_INT_CONVERSION = YES;
				CLANG_WARN_OBJC_ROOT_CLASS = YES_ERROR;
				CLANG_WARN__DUPLICATE_METHOD_MATCH = YES;
				"CODE_SIGN_IDENTITY[sdk=iphoneos*]" = "iPhone Developer";
				COPY_PHASE_STRIP = NO;
				GCC_C_LANGUAGE_STANDARD = gnu99;
				GCC_DYNAMIC_NO_PIC = NO;
				GCC_OPTIMIZATION_LEVEL = 0;
				GCC_PREPROCESSOR_DEFINITIONS = (
					"DEBUG=1",
					"$(inherited)",
				);
				GCC_SYMBOLS_PRIVATE_EXTERN = NO;
				GCC_WARN_64_TO_32_BIT_CONVERSION = YES;
				GCC_WARN_ABOUT_RETURN_TYPE = YES_ERROR;
				GCC_WARN_UNDECLARED_SELECTOR = YES;
				GCC_WARN_UNINITIALIZED_AUTOS = YES;
				GCC_WARN_UNUSED_FUNCTION = YES;
				GCC_WARN_UNUSED_VARIABLE = YES;
				IPHONEOS_DEPLOYMENT_TARGET = 7.0;
				ONLY_ACTIVE_ARCH = YES;
				SDKROOT = iphoneos;
			};
			name = Debug;
		};
		AC19F166187C391900E17D98 /* Release */ = {
			isa = XCBuildConfiguration;
			buildSettings = {
				ALWAYS_SEARCH_USER_PATHS = NO;
				ARCHS = "$(ARCHS_STANDARD_INCLUDING_64_BIT)";
				CLANG_CXX_LANGUAGE_STANDARD = "gnu++0x";
				CLANG_CXX_LIBRARY = "libc++";
				CLANG_ENABLE_MODULES = YES;
				CLANG_ENABLE_OBJC_ARC = YES;
				CLANG_WARN_BOOL_CONVERSION = YES;
				CLANG_WARN_CONSTANT_CONVERSION = YES;
				CLANG_WARN_DIRECT_OBJC_ISA_USAGE = YES_ERROR;
				CLANG_WARN_EMPTY_BODY = YES;
				CLANG_WARN_ENUM_CONVERSION = YES;
				CLANG_WARN_INT_CONVERSION = YES;
				CLANG_WARN_OBJC_ROOT_CLASS = YES_ERROR;
				CLANG_WARN__DUPLICATE_METHOD_MATCH = YES;
				"CODE_SIGN_IDENTITY[sdk=iphoneos*]" = "iPhone Developer";
				COPY_PHASE_STRIP = YES;
				ENABLE_NS_ASSERTIONS = NO;
				GCC_C_LANGUAGE_STANDARD = gnu99;
				GCC_WARN_64_TO_32_BIT_CONVERSION = YES;
				GCC_WARN_ABOUT_RETURN_TYPE = YES_ERROR;
				GCC_WARN_UNDECLARED_SELECTOR = YES;
				GCC_WARN_UNINITIALIZED_AUTOS = YES;
				GCC_WARN_UNUSED_FUNCTION = YES;
				GCC_WARN_UNUSED_VARIABLE = YES;
				IPHONEOS_DEPLOYMENT_TARGET = 7.0;
				SDKROOT = iphoneos;
				VALIDATE_PRODUCT = YES;
			};
			name = Release;
		};
		AC19F168187C391900E17D98 /* Debug */ = {
			isa = XCBuildConfiguration;
			buildSettings = {
				ARCHS = (
					armv7,
					armv7s,
				);
				ASSETCATALOG_COMPILER_APPICON_NAME = AppIcon;
				ASSETCATALOG_COMPILER_LAUNCHIMAGE_NAME = LaunchImage;
				CODE_SIGN_IDENTITY = "iPhone Developer: Zhou Chao (YQM65EYFYS)";
				FRAMEWORK_SEARCH_PATHS = (
					"$(inherited)",
					/Users/maszmacadmin/Documents/GoPartyIOSApp/Connect_IOS_SDK_V2.2,
					/Users/joetang/Downloads/GoPartyIOSApp/Connect_IOS_SDK_V2.2,
					/Users/joetang/Documents/GoPartyIOS/Connect_IOS_SDK_V2.2,
				);
				GCC_PRECOMPILE_PREFIX_HEADER = YES;
				GCC_PREFIX_HEADER = "GoParty/GoParty-Prefix.pch";
				INFOPLIST_FILE = "GoParty/GoParty-Info.plist";
				IPHONEOS_DEPLOYMENT_TARGET = 6.0;
				LIBRARY_SEARCH_PATHS = (
					"$(inherited)",
					/Users/maszmacadmin/Documents/GoPartyIOSApp/WeChatSDK_1.4.2.1,
					/Users/joetang/Downloads/GoPartyIOSApp/WeChatSDK_1.4.2.1,
					/Users/joetang/Documents/GoPartyIOS/WeChatSDK_1.4.2.1,
				);
				OTHER_LDFLAGS = "-fobjc-arc";
				PRODUCT_NAME = "$(TARGET_NAME)";
				PROVISIONING_PROFILE = "738F3CAD-74C9-40D3-B6A5-DF691339053C";
				WRAPPER_EXTENSION = app;
			};
			name = Debug;
		};
		AC19F169187C391900E17D98 /* Release */ = {
			isa = XCBuildConfiguration;
			buildSettings = {
				ARCHS = (
					armv7,
					armv7s,
				);
				ASSETCATALOG_COMPILER_APPICON_NAME = AppIcon;
				ASSETCATALOG_COMPILER_LAUNCHIMAGE_NAME = LaunchImage;
				CODE_SIGN_IDENTITY = "iPhone Developer: Zhou Chao (YQM65EYFYS)";
				FRAMEWORK_SEARCH_PATHS = (
					"$(inherited)",
					/Users/maszmacadmin/Documents/GoPartyIOSApp/Connect_IOS_SDK_V2.2,
					/Users/joetang/Downloads/GoPartyIOSApp/Connect_IOS_SDK_V2.2,
					/Users/joetang/Documents/GoPartyIOS/Connect_IOS_SDK_V2.2,
				);
				GCC_PRECOMPILE_PREFIX_HEADER = YES;
				GCC_PREFIX_HEADER = "GoParty/GoParty-Prefix.pch";
				INFOPLIST_FILE = "GoParty/GoParty-Info.plist";
				IPHONEOS_DEPLOYMENT_TARGET = 6.0;
				LIBRARY_SEARCH_PATHS = (
					"$(inherited)",
					/Users/maszmacadmin/Documents/GoPartyIOSApp/WeChatSDK_1.4.2.1,
					/Users/joetang/Downloads/GoPartyIOSApp/WeChatSDK_1.4.2.1,
					/Users/joetang/Documents/GoPartyIOS/WeChatSDK_1.4.2.1,
				);
				OTHER_LDFLAGS = "-fobjc-arc";
				PRODUCT_NAME = "$(TARGET_NAME)";
				PROVISIONING_PROFILE = "738F3CAD-74C9-40D3-B6A5-DF691339053C";
				WRAPPER_EXTENSION = app;
			};
			name = Release;
		};
		AC19F16B187C391900E17D98 /* Debug */ = {
			isa = XCBuildConfiguration;
			buildSettings = {
				ARCHS = "$(ARCHS_STANDARD_INCLUDING_64_BIT)";
				BUNDLE_LOADER = "$(BUILT_PRODUCTS_DIR)/GoParty.app/GoParty";
				FRAMEWORK_SEARCH_PATHS = (
					"$(SDKROOT)/Developer/Library/Frameworks",
					"$(inherited)",
					"$(DEVELOPER_FRAMEWORKS_DIR)",
				);
				GCC_PRECOMPILE_PREFIX_HEADER = YES;
				GCC_PREFIX_HEADER = "GoParty/GoParty-Prefix.pch";
				GCC_PREPROCESSOR_DEFINITIONS = (
					"DEBUG=1",
					"$(inherited)",
				);
				INFOPLIST_FILE = "GoPartyTests/GoPartyTests-Info.plist";
				PRODUCT_NAME = "$(TARGET_NAME)";
				TEST_HOST = "$(BUNDLE_LOADER)";
				WRAPPER_EXTENSION = xctest;
			};
			name = Debug;
		};
		AC19F16C187C391900E17D98 /* Release */ = {
			isa = XCBuildConfiguration;
			buildSettings = {
				ARCHS = "$(ARCHS_STANDARD_INCLUDING_64_BIT)";
				BUNDLE_LOADER = "$(BUILT_PRODUCTS_DIR)/GoParty.app/GoParty";
				FRAMEWORK_SEARCH_PATHS = (
					"$(SDKROOT)/Developer/Library/Frameworks",
					"$(inherited)",
					"$(DEVELOPER_FRAMEWORKS_DIR)",
				);
				GCC_PRECOMPILE_PREFIX_HEADER = YES;
				GCC_PREFIX_HEADER = "GoParty/GoParty-Prefix.pch";
				INFOPLIST_FILE = "GoPartyTests/GoPartyTests-Info.plist";
				PRODUCT_NAME = "$(TARGET_NAME)";
				TEST_HOST = "$(BUNDLE_LOADER)";
				WRAPPER_EXTENSION = xctest;
			};
			name = Release;
		};
/* End XCBuildConfiguration section */

/* Begin XCConfigurationList section */
		AC19F130187C391900E17D98 /* Build configuration list for PBXProject "GoParty" */ = {
			isa = XCConfigurationList;
			buildConfigurations = (
				AC19F165187C391900E17D98 /* Debug */,
				AC19F166187C391900E17D98 /* Release */,
			);
			defaultConfigurationIsVisible = 0;
			defaultConfigurationName = Release;
		};
		AC19F167187C391900E17D98 /* Build configuration list for PBXNativeTarget "GoParty" */ = {
			isa = XCConfigurationList;
			buildConfigurations = (
				AC19F168187C391900E17D98 /* Debug */,
				AC19F169187C391900E17D98 /* Release */,
			);
			defaultConfigurationIsVisible = 0;
			defaultConfigurationName = Release;
		};
		AC19F16A187C391900E17D98 /* Build configuration list for PBXNativeTarget "GoPartyTests" */ = {
			isa = XCConfigurationList;
			buildConfigurations = (
				AC19F16B187C391900E17D98 /* Debug */,
				AC19F16C187C391900E17D98 /* Release */,
			);
			defaultConfigurationIsVisible = 0;
			defaultConfigurationName = Release;
		};
/* End XCConfigurationList section */
	};
	rootObject = AC19F12D187C391900E17D98 /* Project object */;
}
